{
  "name": "@aurora-is-near/engine",
  "version": "0.0.0",
  "lockfileVersion": 2,
  "requires": true,
  "packages": {
    "": {
      "name": "@aurora-is-near/engine",
      "version": "0.0.0",
      "license": "CC0-1.0",
      "dependencies": {
        "@ethersproject/abi": "^5.0.7",
        "@ethersproject/address": "^5.0.11",
        "@ethersproject/bytes": "^5.0.11",
        "bigint-buffer": "^1.1.5",
        "bn.js": "^5.0.0",
        "near-api-js": "^0.39.0"
      },
      "devDependencies": {
        "@types/bn.js": "^5.1.0",
        "typescript": "^4.2.3"
      }
    },
    "node_modules/@ethersproject/abi": {
      "version": "5.0.13",
      "resolved": "https://registry.npmjs.org/@ethersproject/abi/-/abi-5.0.13.tgz",
      "integrity": "sha512-2coOH3D7ra1lwamKEH0HVc+Jbcsw5yfeCgmY8ekhCDualEiyyovD2qDcMBBcY3+kjoLHVTmo7ost6MNClxdOrg==",
      "funding": [
        {
          "type": "individual",
          "url": "https://gitcoin.co/grants/13/ethersjs-complete-simple-and-tiny-2"
        },
        {
          "type": "individual",
          "url": "https://www.buymeacoffee.com/ricmoo"
        }
      ],
      "dependencies": {
        "@ethersproject/address": "^5.0.9",
        "@ethersproject/bignumber": "^5.0.13",
        "@ethersproject/bytes": "^5.0.9",
        "@ethersproject/constants": "^5.0.8",
        "@ethersproject/hash": "^5.0.10",
        "@ethersproject/keccak256": "^5.0.7",
        "@ethersproject/logger": "^5.0.8",
        "@ethersproject/properties": "^5.0.7",
        "@ethersproject/strings": "^5.0.8"
      }
    },
    "node_modules/@ethersproject/abstract-provider": {
      "version": "5.0.10",
      "resolved": "https://registry.npmjs.org/@ethersproject/abstract-provider/-/abstract-provider-5.0.10.tgz",
      "integrity": "sha512-OSReY5iz94iIaPlRvLiJP8YVIvQLx4aUvMMnHWSaA/vTU8QHZmgNlt4OBdYV1+aFY8Xl+VRYiWBHq72ZDKXXCQ==",
      "funding": [
        {
          "type": "individual",
          "url": "https://gitcoin.co/grants/13/ethersjs-complete-simple-and-tiny-2"
        },
        {
          "type": "individual",
          "url": "https://www.buymeacoffee.com/ricmoo"
        }
      ],
      "dependencies": {
        "@ethersproject/bignumber": "^5.0.13",
        "@ethersproject/bytes": "^5.0.9",
        "@ethersproject/logger": "^5.0.8",
        "@ethersproject/networks": "^5.0.7",
        "@ethersproject/properties": "^5.0.7",
        "@ethersproject/transactions": "^5.0.9",
        "@ethersproject/web": "^5.0.12"
      }
    },
    "node_modules/@ethersproject/abstract-signer": {
      "version": "5.0.14",
      "resolved": "https://registry.npmjs.org/@ethersproject/abstract-signer/-/abstract-signer-5.0.14.tgz",
      "integrity": "sha512-JztBwVO7o5OHLh2vyjordlS4/1EjRyaECtc8vPdXTF1i4dXN+J0coeRoPN6ZFbBvi/YbaB6br2fvqhst1VQD/g==",
      "funding": [
        {
          "type": "individual",
          "url": "https://gitcoin.co/grants/13/ethersjs-complete-simple-and-tiny-2"
        },
        {
          "type": "individual",
          "url": "https://www.buymeacoffee.com/ricmoo"
        }
      ],
      "dependencies": {
        "@ethersproject/abstract-provider": "^5.0.8",
        "@ethersproject/bignumber": "^5.0.13",
        "@ethersproject/bytes": "^5.0.9",
        "@ethersproject/logger": "^5.0.8",
        "@ethersproject/properties": "^5.0.7"
      }
    },
    "node_modules/@ethersproject/address": {
      "version": "5.0.11",
      "resolved": "https://registry.npmjs.org/@ethersproject/address/-/address-5.0.11.tgz",
      "integrity": "sha512-Et4GBdD8/tsBGjCEOKee9upN29qjL5kbRcmJifb4Penmiuh9GARXL2/xpXvEp5EW+EIW/rfCHFJrkYBgoQFQBw==",
      "funding": [
        {
          "type": "individual",
          "url": "https://gitcoin.co/grants/13/ethersjs-complete-simple-and-tiny-2"
        },
        {
          "type": "individual",
          "url": "https://www.buymeacoffee.com/ricmoo"
        }
      ],
      "dependencies": {
        "@ethersproject/bignumber": "^5.0.13",
        "@ethersproject/bytes": "^5.0.9",
        "@ethersproject/keccak256": "^5.0.7",
        "@ethersproject/logger": "^5.0.8",
        "@ethersproject/rlp": "^5.0.7"
      }
    },
    "node_modules/@ethersproject/base64": {
      "version": "5.0.9",
      "resolved": "https://registry.npmjs.org/@ethersproject/base64/-/base64-5.0.9.tgz",
      "integrity": "sha512-37RBz5LEZ9SlTNGiWCYFttnIN9J7qVs9Xo2EbqGqDH5LfW9EIji66S+YDMpXVo1zWDax1FkEldAoatxHK2gfgA==",
      "funding": [
        {
          "type": "individual",
          "url": "https://gitcoin.co/grants/13/ethersjs-complete-simple-and-tiny-2"
        },
        {
          "type": "individual",
          "url": "https://www.buymeacoffee.com/ricmoo"
        }
      ],
      "dependencies": {
        "@ethersproject/bytes": "^5.0.9"
      }
    },
    "node_modules/@ethersproject/bignumber": {
      "version": "5.0.15",
      "resolved": "https://registry.npmjs.org/@ethersproject/bignumber/-/bignumber-5.0.15.tgz",
      "integrity": "sha512-MTADqnyacvdRwtKh7o9ujwNDSM1SDJjYDMYAzjIgjoi9rh6TY4suMbhCa3i2vh3SUXiXSICyTI8ui+NPdrZ9Lw==",
      "funding": [
        {
          "type": "individual",
          "url": "https://gitcoin.co/grants/13/ethersjs-complete-simple-and-tiny-2"
        },
        {
          "type": "individual",
          "url": "https://www.buymeacoffee.com/ricmoo"
        }
      ],
      "dependencies": {
        "@ethersproject/bytes": "^5.0.9",
        "@ethersproject/logger": "^5.0.8",
        "bn.js": "^4.4.0"
      }
    },
    "node_modules/@ethersproject/bignumber/node_modules/bn.js": {
      "version": "4.12.0",
      "resolved": "https://registry.npmjs.org/bn.js/-/bn.js-4.12.0.tgz",
      "integrity": "sha512-c98Bf3tPniI+scsdk237ku1Dc3ujXQTSgyiPUDEOe7tRkhrqridvh8klBv0HCEso1OLOYcHuCv/cS6DNxKH+ZA=="
    },
    "node_modules/@ethersproject/bytes": {
      "version": "5.0.11",
      "resolved": "https://registry.npmjs.org/@ethersproject/bytes/-/bytes-5.0.11.tgz",
      "integrity": "sha512-D51plLYY5qF05AsoVQwIZVLqlBkaTPVHVP/1WmmBIWyHB0cRW0C9kh0kx5Exo51rB63Hk8PfHxc7SmpoaQFEyg==",
      "funding": [
        {
          "type": "individual",
          "url": "https://gitcoin.co/grants/13/ethersjs-complete-simple-and-tiny-2"
        },
        {
          "type": "individual",
          "url": "https://www.buymeacoffee.com/ricmoo"
        }
      ],
      "dependencies": {
        "@ethersproject/logger": "^5.0.8"
      }
    },
    "node_modules/@ethersproject/constants": {
      "version": "5.0.10",
      "resolved": "https://registry.npmjs.org/@ethersproject/constants/-/constants-5.0.10.tgz",
      "integrity": "sha512-OSo8jxkHLDXieCy8bgOFR7lMfgPxEzKvSDdP+WAWHCDM8+orwch0B6wzkTmiQFgryAtIctrBt5glAdJikZ3hGw==",
      "funding": [
        {
          "type": "individual",
          "url": "https://gitcoin.co/grants/13/ethersjs-complete-simple-and-tiny-2"
        },
        {
          "type": "individual",
          "url": "https://www.buymeacoffee.com/ricmoo"
        }
      ],
      "dependencies": {
        "@ethersproject/bignumber": "^5.0.13"
      }
    },
    "node_modules/@ethersproject/hash": {
      "version": "5.0.12",
      "resolved": "https://registry.npmjs.org/@ethersproject/hash/-/hash-5.0.12.tgz",
      "integrity": "sha512-kn4QN+fhNFbUgX3XZTZUaQixi0oyfIEY+hfW+KtkHu+rq7dV76oAIvaLEEynu1/4npOL38E4X4YI42gGZk+C0Q==",
      "funding": [
        {
          "type": "individual",
          "url": "https://gitcoin.co/grants/13/ethersjs-complete-simple-and-tiny-2"
        },
        {
          "type": "individual",
          "url": "https://www.buymeacoffee.com/ricmoo"
        }
      ],
      "dependencies": {
        "@ethersproject/abstract-signer": "^5.0.10",
        "@ethersproject/address": "^5.0.9",
        "@ethersproject/bignumber": "^5.0.13",
        "@ethersproject/bytes": "^5.0.9",
        "@ethersproject/keccak256": "^5.0.7",
        "@ethersproject/logger": "^5.0.8",
        "@ethersproject/properties": "^5.0.7",
        "@ethersproject/strings": "^5.0.8"
      }
    },
    "node_modules/@ethersproject/keccak256": {
      "version": "5.0.9",
      "resolved": "https://registry.npmjs.org/@ethersproject/keccak256/-/keccak256-5.0.9.tgz",
      "integrity": "sha512-zhdUTj6RGtCJSgU+bDrWF6cGbvW453LoIC1DSNWrTlXzC7WuH4a+EiPrgc7/kNoRxerKuA/cxYlI8GwNtVtDlw==",
      "funding": [
        {
          "type": "individual",
          "url": "https://gitcoin.co/grants/13/ethersjs-complete-simple-and-tiny-2"
        },
        {
          "type": "individual",
          "url": "https://www.buymeacoffee.com/ricmoo"
        }
      ],
      "dependencies": {
        "@ethersproject/bytes": "^5.0.9",
        "js-sha3": "0.5.7"
      }
    },
    "node_modules/@ethersproject/logger": {
      "version": "5.0.10",
      "resolved": "https://registry.npmjs.org/@ethersproject/logger/-/logger-5.0.10.tgz",
      "integrity": "sha512-0y2T2NqykDrbPM3Zw9RSbPkDOxwChAL8detXaom76CfYoGxsOnRP/zTX8OUAV+x9LdwzgbWvWmeXrc0M7SuDZw==",
      "funding": [
        {
          "type": "individual",
          "url": "https://gitcoin.co/grants/13/ethersjs-complete-simple-and-tiny-2"
        },
        {
          "type": "individual",
          "url": "https://www.buymeacoffee.com/ricmoo"
        }
      ]
    },
    "node_modules/@ethersproject/networks": {
      "version": "5.0.9",
      "resolved": "https://registry.npmjs.org/@ethersproject/networks/-/networks-5.0.9.tgz",
      "integrity": "sha512-L8+VCQwArBLGkxZb/5Ns/OH/OxP38AcaveXIxhUTq+VWpXYjrObG3E7RDQIKkUx1S1IcQl/UWTz5w4DK0UitJg==",
      "funding": [
        {
          "type": "individual",
          "url": "https://gitcoin.co/grants/13/ethersjs-complete-simple-and-tiny-2"
        },
        {
          "type": "individual",
          "url": "https://www.buymeacoffee.com/ricmoo"
        }
      ],
      "dependencies": {
        "@ethersproject/logger": "^5.0.8"
      }
    },
    "node_modules/@ethersproject/properties": {
      "version": "5.0.9",
      "resolved": "https://registry.npmjs.org/@ethersproject/properties/-/properties-5.0.9.tgz",
      "integrity": "sha512-ZCjzbHYTw+rF1Pn8FDCEmx3gQttwIHcm/6Xee8g/M3Ga3SfW4tccNMbs5zqnBH0E4RoOPaeNgyg1O68TaF0tlg==",
      "funding": [
        {
          "type": "individual",
          "url": "https://gitcoin.co/grants/13/ethersjs-complete-simple-and-tiny-2"
        },
        {
          "type": "individual",
          "url": "https://www.buymeacoffee.com/ricmoo"
        }
      ],
      "dependencies": {
        "@ethersproject/logger": "^5.0.8"
      }
    },
    "node_modules/@ethersproject/rlp": {
      "version": "5.0.9",
      "resolved": "https://registry.npmjs.org/@ethersproject/rlp/-/rlp-5.0.9.tgz",
      "integrity": "sha512-ns1U7ZMVeruUW6JXc4om+1w3w4ynHN/0fpwmeNTsAjwGKoF8SAUgue6ylKpHKWSti2idx7jDxbn8hNNFHk67CA==",
      "funding": [
        {
          "type": "individual",
          "url": "https://gitcoin.co/grants/13/ethersjs-complete-simple-and-tiny-2"
        },
        {
          "type": "individual",
          "url": "https://www.buymeacoffee.com/ricmoo"
        }
      ],
      "dependencies": {
        "@ethersproject/bytes": "^5.0.9",
        "@ethersproject/logger": "^5.0.8"
      }
    },
    "node_modules/@ethersproject/signing-key": {
      "version": "5.0.11",
      "resolved": "https://registry.npmjs.org/@ethersproject/signing-key/-/signing-key-5.0.11.tgz",
      "integrity": "sha512-Jfcru/BGwdkXhLxT+8WCZtFy7LL0TPFZw05FAb5asxB/MyVsEfNdNxGDtjVE9zXfmRSPe/EusXYY4K7wcygOyQ==",
      "funding": [
        {
          "type": "individual",
          "url": "https://gitcoin.co/grants/13/ethersjs-complete-simple-and-tiny-2"
        },
        {
          "type": "individual",
          "url": "https://www.buymeacoffee.com/ricmoo"
        }
      ],
      "dependencies": {
        "@ethersproject/bytes": "^5.0.9",
        "@ethersproject/logger": "^5.0.8",
        "@ethersproject/properties": "^5.0.7",
        "elliptic": "6.5.4"
      }
    },
    "node_modules/@ethersproject/strings": {
      "version": "5.0.10",
      "resolved": "https://registry.npmjs.org/@ethersproject/strings/-/strings-5.0.10.tgz",
      "integrity": "sha512-KAeoS1tZ9/5ECXiIZA6S6hywbD0so2VmuW+Wfyo5EDXeyZ6Na1nxTPhTnW7voQmjbeYJffCrOc0qLFJeylyg7w==",
      "funding": [
        {
          "type": "individual",
          "url": "https://gitcoin.co/grants/13/ethersjs-complete-simple-and-tiny-2"
        },
        {
          "type": "individual",
          "url": "https://www.buymeacoffee.com/ricmoo"
        }
      ],
      "dependencies": {
        "@ethersproject/bytes": "^5.0.9",
        "@ethersproject/constants": "^5.0.8",
        "@ethersproject/logger": "^5.0.8"
      }
    },
    "node_modules/@ethersproject/transactions": {
      "version": "5.0.11",
      "resolved": "https://registry.npmjs.org/@ethersproject/transactions/-/transactions-5.0.11.tgz",
      "integrity": "sha512-ftsRvR9+gQp7L63F6+XmstvsZ4w8GtWvQB08e/zB+oB86Fnhq8+i/tkgpJplSHC8I/qgiCisva+M3u2GVhDFPA==",
      "funding": [
        {
          "type": "individual",
          "url": "https://gitcoin.co/grants/13/ethersjs-complete-simple-and-tiny-2"
        },
        {
          "type": "individual",
          "url": "https://www.buymeacoffee.com/ricmoo"
        }
      ],
      "dependencies": {
        "@ethersproject/address": "^5.0.9",
        "@ethersproject/bignumber": "^5.0.13",
        "@ethersproject/bytes": "^5.0.9",
        "@ethersproject/constants": "^5.0.8",
        "@ethersproject/keccak256": "^5.0.7",
        "@ethersproject/logger": "^5.0.8",
        "@ethersproject/properties": "^5.0.7",
        "@ethersproject/rlp": "^5.0.7",
        "@ethersproject/signing-key": "^5.0.8"
      }
    },
    "node_modules/@ethersproject/web": {
      "version": "5.0.14",
      "resolved": "https://registry.npmjs.org/@ethersproject/web/-/web-5.0.14.tgz",
      "integrity": "sha512-QpTgplslwZ0Sp9oKNLoRuS6TKxnkwfaEk3gr7zd7XLF8XBsYejsrQO/03fNfnMx/TAT/RR6WEw/mbOwpRSeVRA==",
      "funding": [
        {
          "type": "individual",
          "url": "https://gitcoin.co/grants/13/ethersjs-complete-simple-and-tiny-2"
        },
        {
          "type": "individual",
          "url": "https://www.buymeacoffee.com/ricmoo"
        }
      ],
      "dependencies": {
        "@ethersproject/base64": "^5.0.7",
        "@ethersproject/bytes": "^5.0.9",
        "@ethersproject/logger": "^5.0.8",
        "@ethersproject/properties": "^5.0.7",
        "@ethersproject/strings": "^5.0.8"
      }
    },
    "node_modules/@types/bn.js": {
      "version": "5.1.0",
      "resolved": "https://registry.npmjs.org/@types/bn.js/-/bn.js-5.1.0.tgz",
      "integrity": "sha512-QSSVYj7pYFN49kW77o2s9xTCwZ8F2xLbjLLSEVh8D2F4JUhZtPAGOFLTD+ffqksBx/u4cE/KImFjyhqCjn/LIA==",
      "dependencies": {
        "@types/node": "*"
      }
    },
    "node_modules/@types/node": {
      "version": "14.14.36",
      "resolved": "https://registry.npmjs.org/@types/node/-/node-14.14.36.tgz",
      "integrity": "sha512-kjivUwDJfIjngzbhooRnOLhGYz6oRFi+L+EpMjxroDYXwDw9lHrJJ43E+dJ6KAd3V3WxWAJ/qZE9XKYHhjPOFQ=="
    },
    "node_modules/base-x": {
      "version": "3.0.8",
      "resolved": "https://registry.npmjs.org/base-x/-/base-x-3.0.8.tgz",
      "integrity": "sha512-Rl/1AWP4J/zRrk54hhlxH4drNxPJXYUaKffODVI53/dAsV4t9fBxyxYKAVPU1XBHxYwOWP9h9H0hM2MVw4YfJA==",
      "dependencies": {
        "safe-buffer": "^5.0.1"
      }
    },
    "node_modules/bigint-buffer": {
      "version": "1.1.5",
      "resolved": "https://registry.npmjs.org/bigint-buffer/-/bigint-buffer-1.1.5.tgz",
      "integrity": "sha512-trfYco6AoZ+rKhKnxA0hgX0HAbVP/s808/EuDSe2JDzUnCp/xAsli35Orvk67UrTEcwuxZqYZDmfA2RXJgxVvA==",
      "hasInstallScript": true,
      "dependencies": {
        "bindings": "^1.3.0"
      },
      "engines": {
        "node": ">= 10.0.0"
      }
    },
    "node_modules/bindings": {
      "version": "1.5.0",
      "resolved": "https://registry.npmjs.org/bindings/-/bindings-1.5.0.tgz",
      "integrity": "sha512-p2q/t/mhvuOj/UeLlV6566GD/guowlr0hHxClI0W9m7MWYkL1F0hLo+0Aexs9HSPCtR1SXQ0TD3MMKrXZajbiQ==",
      "dependencies": {
        "file-uri-to-path": "1.0.0"
      }
    },
    "node_modules/bn.js": {
      "version": "5.2.0",
      "resolved": "https://registry.npmjs.org/bn.js/-/bn.js-5.2.0.tgz",
      "integrity": "sha512-D7iWRBvnZE8ecXiLj/9wbxH7Tk79fAh8IHaTNq1RWRixsS02W+5qS+iE9yq6RYl0asXx5tw0bLhmT5pIfbSquw=="
    },
    "node_modules/borsh": {
      "version": "0.3.1",
      "resolved": "https://registry.npmjs.org/borsh/-/borsh-0.3.1.tgz",
      "integrity": "sha512-gJoSTnhwLxN/i2+15Y7uprU8h3CKI+Co4YKZKvrGYUy0FwHWM20x5Sx7eU8Xv4HQqV+7rb4r3P7K1cBIQe3q8A==",
      "dependencies": {
        "@types/bn.js": "^4.11.5",
        "bn.js": "^5.0.0",
        "bs58": "^4.0.0",
        "text-encoding-utf-8": "^1.0.2"
      }
    },
    "node_modules/borsh/node_modules/@types/bn.js": {
      "version": "4.11.6",
      "resolved": "https://registry.npmjs.org/@types/bn.js/-/bn.js-4.11.6.tgz",
      "integrity": "sha512-pqr857jrp2kPuO9uRjZ3PwnJTjoQy+fcdxvBTvHm6dkmEL9q+hDD/2j/0ELOBPtPnS8LjCX0gI9nbl8lVkadpg==",
      "dependencies": {
        "@types/node": "*"
      }
    },
    "node_modules/brorand": {
      "version": "1.1.0",
      "resolved": "https://registry.npmjs.org/brorand/-/brorand-1.1.0.tgz",
      "integrity": "sha1-EsJe/kCkXjwyPrhnWgoM5XsiNx8="
    },
    "node_modules/bs58": {
      "version": "4.0.1",
      "resolved": "https://registry.npmjs.org/bs58/-/bs58-4.0.1.tgz",
      "integrity": "sha1-vhYedsNU9veIrkBx9j806MTwpCo=",
      "dependencies": {
        "base-x": "^3.0.2"
      }
    },
    "node_modules/capability": {
      "version": "0.2.5",
      "resolved": "https://registry.npmjs.org/capability/-/capability-0.2.5.tgz",
      "integrity": "sha1-Ua2HNT8ZNv/Xfy8hx0YzpN6oiAE="
    },
    "node_modules/depd": {
      "version": "2.0.0",
      "resolved": "https://registry.npmjs.org/depd/-/depd-2.0.0.tgz",
      "integrity": "sha512-g7nH6P6dyDioJogAAGprGpCtVImJhpPk/roCzdb3fIh61/s/nPsfR6onyMwkCAR/OlC3yBC0lESvUoQEAssIrw==",
      "engines": {
        "node": ">= 0.8"
      }
    },
    "node_modules/elliptic": {
      "version": "6.5.4",
      "resolved": "https://registry.npmjs.org/elliptic/-/elliptic-6.5.4.tgz",
      "integrity": "sha512-iLhC6ULemrljPZb+QutR5TQGB+pdW6KGD5RSegS+8sorOZT+rdQFbsQFJgvN3eRqNALqJer4oQ16YvJHlU8hzQ==",
      "dependencies": {
        "bn.js": "^4.11.9",
        "brorand": "^1.1.0",
        "hash.js": "^1.0.0",
        "hmac-drbg": "^1.0.1",
        "inherits": "^2.0.4",
        "minimalistic-assert": "^1.0.1",
        "minimalistic-crypto-utils": "^1.0.1"
      }
    },
    "node_modules/elliptic/node_modules/bn.js": {
      "version": "4.12.0",
      "resolved": "https://registry.npmjs.org/bn.js/-/bn.js-4.12.0.tgz",
      "integrity": "sha512-c98Bf3tPniI+scsdk237ku1Dc3ujXQTSgyiPUDEOe7tRkhrqridvh8klBv0HCEso1OLOYcHuCv/cS6DNxKH+ZA=="
    },
    "node_modules/error-polyfill": {
      "version": "0.1.2",
      "resolved": "https://registry.npmjs.org/error-polyfill/-/error-polyfill-0.1.2.tgz",
      "integrity": "sha512-8uhnXlJuhFkmIfhw2tAHtWQGpXcw5rrc0dhuY3bhn8tBHvh6l0oL9VJvR2suqx9eltglKKhVPv8luPQy+UxLTA==",
      "dependencies": {
        "capability": "^0.2.5",
        "o3": "^1.0.3",
        "u3": "^0.1.0"
      }
    },
    "node_modules/file-uri-to-path": {
      "version": "1.0.0",
      "resolved": "https://registry.npmjs.org/file-uri-to-path/-/file-uri-to-path-1.0.0.tgz",
      "integrity": "sha512-0Zt+s3L7Vf1biwWZ29aARiVYLx7iMGnEUl9x33fbB/j3jR81u/O2LbqK+Bm1CDSNDKVtJ/YjwY7TUd5SkeLQLw=="
    },
    "node_modules/hash.js": {
      "version": "1.1.7",
      "resolved": "https://registry.npmjs.org/hash.js/-/hash.js-1.1.7.tgz",
      "integrity": "sha512-taOaskGt4z4SOANNseOviYDvjEJinIkRgmp7LbKP2YTTmVxWBl87s/uzK9r+44BclBSp2X7K1hqeNfz9JbBeXA==",
      "dependencies": {
        "inherits": "^2.0.3",
        "minimalistic-assert": "^1.0.1"
      }
    },
    "node_modules/hmac-drbg": {
      "version": "1.0.1",
      "resolved": "https://registry.npmjs.org/hmac-drbg/-/hmac-drbg-1.0.1.tgz",
      "integrity": "sha1-0nRXAQJabHdabFRXk+1QL8DGSaE=",
      "dependencies": {
        "hash.js": "^1.0.3",
        "minimalistic-assert": "^1.0.0",
        "minimalistic-crypto-utils": "^1.0.1"
      }
    },
    "node_modules/http-errors": {
      "version": "1.8.0",
      "resolved": "https://registry.npmjs.org/http-errors/-/http-errors-1.8.0.tgz",
      "integrity": "sha512-4I8r0C5JDhT5VkvI47QktDW75rNlGVsUf/8hzjCC/wkWI/jdTRmBb9aI7erSG82r1bjKY3F6k28WnsVxB1C73A==",
      "dependencies": {
        "depd": "~1.1.2",
        "inherits": "2.0.4",
        "setprototypeof": "1.2.0",
        "statuses": ">= 1.5.0 < 2",
        "toidentifier": "1.0.0"
      },
      "engines": {
        "node": ">= 0.6"
      }
    },
    "node_modules/http-errors/node_modules/depd": {
      "version": "1.1.2",
      "resolved": "https://registry.npmjs.org/depd/-/depd-1.1.2.tgz",
      "integrity": "sha1-m81S4UwJd2PnSbJ0xDRu0uVgtak=",
      "engines": {
        "node": ">= 0.6"
      }
    },
    "node_modules/inherits": {
      "version": "2.0.4",
      "resolved": "https://registry.npmjs.org/inherits/-/inherits-2.0.4.tgz",
      "integrity": "sha512-k/vGaX4/Yla3WzyMCvTQOXYeIHvqOKtnqBduzTHpzpQZzAskKMhZ2K+EnBiSM9zGSoIFeMpXKxa4dYeZIQqewQ=="
    },
    "node_modules/js-sha256": {
      "version": "0.9.0",
      "resolved": "https://registry.npmjs.org/js-sha256/-/js-sha256-0.9.0.tgz",
      "integrity": "sha512-sga3MHh9sgQN2+pJ9VYZ+1LPwXOxuBJBA5nrR5/ofPfuiJBE2hnjsaN8se8JznOmGLN2p49Pe5U/ttafcs/apA=="
    },
    "node_modules/js-sha3": {
      "version": "0.5.7",
      "resolved": "https://registry.npmjs.org/js-sha3/-/js-sha3-0.5.7.tgz",
      "integrity": "sha1-DU/9gALVMzqrr0oj7tL2N0yfKOc="
    },
    "node_modules/minimalistic-assert": {
      "version": "1.0.1",
      "resolved": "https://registry.npmjs.org/minimalistic-assert/-/minimalistic-assert-1.0.1.tgz",
      "integrity": "sha512-UtJcAD4yEaGtjPezWuO9wC4nwUnVH/8/Im3yEHQP4b67cXlD/Qr9hdITCU1xDbSEXg2XKNaP8jsReV7vQd00/A=="
    },
    "node_modules/minimalistic-crypto-utils": {
      "version": "1.0.1",
      "resolved": "https://registry.npmjs.org/minimalistic-crypto-utils/-/minimalistic-crypto-utils-1.0.1.tgz",
      "integrity": "sha1-9sAMHAsIIkblxNmd+4x8CDsrWCo="
    },
    "node_modules/mustache": {
      "version": "4.1.0",
      "resolved": "https://registry.npmjs.org/mustache/-/mustache-4.1.0.tgz",
      "integrity": "sha512-0FsgP/WVq4mKyjolIyX+Z9Bd+3WS8GOwoUTyKXT5cTYMGeauNTi2HPCwERqseC1IHAy0Z7MDZnJBfjabd4O8GQ==",
      "bin": {
        "mustache": "bin/mustache"
      }
    },
    "node_modules/near-api-js": {
      "version": "0.39.0",
      "resolved": "https://registry.npmjs.org/near-api-js/-/near-api-js-0.39.0.tgz",
      "integrity": "sha512-RX2oLOg438QCY3UQLb6FMkXmInFQIS0S+xg/auNZP292ySsMTKppoD07g/ExEFbW8Uyej8/TvjhBjKxnDBUigQ==",
      "dependencies": {
        "@types/bn.js": "^5.1.0",
        "bn.js": "^5.0.0",
        "borsh": "^0.3.1",
        "bs58": "^4.0.0",
        "depd": "^2.0.0",
        "error-polyfill": "^0.1.2",
        "http-errors": "^1.7.2",
        "js-sha256": "^0.9.0",
        "mustache": "^4.0.0",
        "node-fetch": "^2.6.1",
        "text-encoding-utf-8": "^1.0.2",
        "tweetnacl": "^1.0.1"
      }
    },
    "node_modules/node-fetch": {
      "version": "2.6.1",
      "resolved": "https://registry.npmjs.org/node-fetch/-/node-fetch-2.6.1.tgz",
      "integrity": "sha512-V4aYg89jEoVRxRb2fJdAg8FHvI7cEyYdVAh94HH0UIK8oJxUfkjlDQN9RbMx+bEjP7+ggMiFRprSti032Oipxw==",
      "engines": {
        "node": "4.x || >=6.0.0"
      }
    },
    "node_modules/o3": {
      "version": "1.0.3",
      "resolved": "https://registry.npmjs.org/o3/-/o3-1.0.3.tgz",
      "integrity": "sha1-GSzod6iC36Z1HwQSqGX6+y2h2sA=",
      "dependencies": {
        "capability": "^0.2.5"
      }
    },
    "node_modules/safe-buffer": {
      "version": "5.2.1",
      "resolved": "https://registry.npmjs.org/safe-buffer/-/safe-buffer-5.2.1.tgz",
      "integrity": "sha512-rp3So07KcdmmKbGvgaNxQSJr7bGVSVk5S9Eq1F+ppbRo70+YeaDxkw5Dd8NPN+GD6bjnYm2VuPuCXmpuYvmCXQ==",
      "funding": [
        {
          "type": "github",
          "url": "https://github.com/sponsors/feross"
        },
        {
          "type": "patreon",
          "url": "https://www.patreon.com/feross"
        },
        {
          "type": "consulting",
          "url": "https://feross.org/support"
        }
      ]
    },
    "node_modules/setprototypeof": {
      "version": "1.2.0",
      "resolved": "https://registry.npmjs.org/setprototypeof/-/setprototypeof-1.2.0.tgz",
      "integrity": "sha512-E5LDX7Wrp85Kil5bhZv46j8jOeboKq5JMmYM3gVGdGH8xFpPWXUMsNrlODCrkoxMEeNi/XZIwuRvY4XNwYMJpw=="
    },
    "node_modules/statuses": {
      "version": "1.5.0",
      "resolved": "https://registry.npmjs.org/statuses/-/statuses-1.5.0.tgz",
      "integrity": "sha1-Fhx9rBd2Wf2YEfQ3cfqZOBR4Yow=",
      "engines": {
        "node": ">= 0.6"
      }
    },
    "node_modules/text-encoding-utf-8": {
      "version": "1.0.2",
      "resolved": "https://registry.npmjs.org/text-encoding-utf-8/-/text-encoding-utf-8-1.0.2.tgz",
      "integrity": "sha512-8bw4MY9WjdsD2aMtO0OzOCY3pXGYNx2d2FfHRVUKkiCPDWjKuOlhLVASS+pD7VkLTVjW268LYJHwsnPFlBpbAg=="
    },
    "node_modules/toidentifier": {
      "version": "1.0.0",
      "resolved": "https://registry.npmjs.org/toidentifier/-/toidentifier-1.0.0.tgz",
      "integrity": "sha512-yaOH/Pk/VEhBWWTlhI+qXxDFXlejDGcQipMlyxda9nthulaxLZUNcUqFxokp0vcYnvteJln5FNQDRrxj3YcbVw==",
      "engines": {
        "node": ">=0.6"
      }
    },
    "node_modules/tweetnacl": {
      "version": "1.0.3",
      "resolved": "https://registry.npmjs.org/tweetnacl/-/tweetnacl-1.0.3.tgz",
      "integrity": "sha512-6rt+RN7aOi1nGMyC4Xa5DdYiukl2UWCbcJft7YhxReBGQD7OAM8Pbxw6YMo4r2diNEA8FEmu32YOn9rhaiE5yw=="
    },
    "node_modules/typescript": {
      "version": "4.2.3",
      "resolved": "https://registry.npmjs.org/typescript/-/typescript-4.2.3.tgz",
      "integrity": "sha512-qOcYwxaByStAWrBf4x0fibwZvMRG+r4cQoTjbPtUlrWjBHbmCAww1i448U0GJ+3cNNEtebDteo/cHOR3xJ4wEw==",
      "dev": true,
      "bin": {
        "tsc": "bin/tsc",
        "tsserver": "bin/tsserver"
      },
      "engines": {
        "node": ">=4.2.0"
      }
    },
    "node_modules/u3": {
      "version": "0.1.0",
      "resolved": "https://registry.npmjs.org/u3/-/u3-0.1.0.tgz",
      "integrity": "sha1-AGCSdmO2g1PFOc2pnpUR1mh+3Z0="
    }
  },
  "dependencies": {
    "@ethersproject/abi": {
      "version": "5.0.13",
      "resolved": "https://registry.npmjs.org/@ethersproject/abi/-/abi-5.0.13.tgz",
      "integrity": "sha512-2coOH3D7ra1lwamKEH0HVc+Jbcsw5yfeCgmY8ekhCDualEiyyovD2qDcMBBcY3+kjoLHVTmo7ost6MNClxdOrg==",
      "requires": {
        "@ethersproject/address": "^5.0.9",
        "@ethersproject/bignumber": "^5.0.13",
        "@ethersproject/bytes": "^5.0.9",
        "@ethersproject/constants": "^5.0.8",
        "@ethersproject/hash": "^5.0.10",
        "@ethersproject/keccak256": "^5.0.7",
        "@ethersproject/logger": "^5.0.8",
        "@ethersproject/properties": "^5.0.7",
        "@ethersproject/strings": "^5.0.8"
      }
    },
    "@ethersproject/abstract-provider": {
      "version": "5.0.10",
      "resolved": "https://registry.npmjs.org/@ethersproject/abstract-provider/-/abstract-provider-5.0.10.tgz",
      "integrity": "sha512-OSReY5iz94iIaPlRvLiJP8YVIvQLx4aUvMMnHWSaA/vTU8QHZmgNlt4OBdYV1+aFY8Xl+VRYiWBHq72ZDKXXCQ==",
      "requires": {
        "@ethersproject/bignumber": "^5.0.13",
        "@ethersproject/bytes": "^5.0.9",
        "@ethersproject/logger": "^5.0.8",
        "@ethersproject/networks": "^5.0.7",
        "@ethersproject/properties": "^5.0.7",
        "@ethersproject/transactions": "^5.0.9",
        "@ethersproject/web": "^5.0.12"
      }
    },
    "@ethersproject/abstract-signer": {
      "version": "5.0.14",
      "resolved": "https://registry.npmjs.org/@ethersproject/abstract-signer/-/abstract-signer-5.0.14.tgz",
      "integrity": "sha512-JztBwVO7o5OHLh2vyjordlS4/1EjRyaECtc8vPdXTF1i4dXN+J0coeRoPN6ZFbBvi/YbaB6br2fvqhst1VQD/g==",
      "requires": {
        "@ethersproject/abstract-provider": "^5.0.8",
        "@ethersproject/bignumber": "^5.0.13",
        "@ethersproject/bytes": "^5.0.9",
        "@ethersproject/logger": "^5.0.8",
        "@ethersproject/properties": "^5.0.7"
      }
    },
    "@ethersproject/address": {
      "version": "5.0.11",
      "resolved": "https://registry.npmjs.org/@ethersproject/address/-/address-5.0.11.tgz",
      "integrity": "sha512-Et4GBdD8/tsBGjCEOKee9upN29qjL5kbRcmJifb4Penmiuh9GARXL2/xpXvEp5EW+EIW/rfCHFJrkYBgoQFQBw==",
      "requires": {
        "@ethersproject/bignumber": "^5.0.13",
        "@ethersproject/bytes": "^5.0.9",
        "@ethersproject/keccak256": "^5.0.7",
        "@ethersproject/logger": "^5.0.8",
        "@ethersproject/rlp": "^5.0.7"
      }
    },
    "@ethersproject/base64": {
      "version": "5.0.9",
      "resolved": "https://registry.npmjs.org/@ethersproject/base64/-/base64-5.0.9.tgz",
      "integrity": "sha512-37RBz5LEZ9SlTNGiWCYFttnIN9J7qVs9Xo2EbqGqDH5LfW9EIji66S+YDMpXVo1zWDax1FkEldAoatxHK2gfgA==",
      "requires": {
        "@ethersproject/bytes": "^5.0.9"
      }
    },
    "@ethersproject/bignumber": {
      "version": "5.0.15",
      "resolved": "https://registry.npmjs.org/@ethersproject/bignumber/-/bignumber-5.0.15.tgz",
      "integrity": "sha512-MTADqnyacvdRwtKh7o9ujwNDSM1SDJjYDMYAzjIgjoi9rh6TY4suMbhCa3i2vh3SUXiXSICyTI8ui+NPdrZ9Lw==",
      "requires": {
        "@ethersproject/bytes": "^5.0.9",
        "@ethersproject/logger": "^5.0.8",
        "bn.js": "^4.4.0"
      },
      "dependencies": {
        "bn.js": {
          "version": "4.12.0",
          "resolved": "https://registry.npmjs.org/bn.js/-/bn.js-4.12.0.tgz",
          "integrity": "sha512-c98Bf3tPniI+scsdk237ku1Dc3ujXQTSgyiPUDEOe7tRkhrqridvh8klBv0HCEso1OLOYcHuCv/cS6DNxKH+ZA=="
        }
      }
    },
    "@ethersproject/bytes": {
      "version": "5.0.11",
      "resolved": "https://registry.npmjs.org/@ethersproject/bytes/-/bytes-5.0.11.tgz",
      "integrity": "sha512-D51plLYY5qF05AsoVQwIZVLqlBkaTPVHVP/1WmmBIWyHB0cRW0C9kh0kx5Exo51rB63Hk8PfHxc7SmpoaQFEyg==",
      "requires": {
        "@ethersproject/logger": "^5.0.8"
      }
    },
    "@ethersproject/constants": {
      "version": "5.0.10",
      "resolved": "https://registry.npmjs.org/@ethersproject/constants/-/constants-5.0.10.tgz",
      "integrity": "sha512-OSo8jxkHLDXieCy8bgOFR7lMfgPxEzKvSDdP+WAWHCDM8+orwch0B6wzkTmiQFgryAtIctrBt5glAdJikZ3hGw==",
      "requires": {
        "@ethersproject/bignumber": "^5.0.13"
      }
    },
    "@ethersproject/hash": {
      "version": "5.0.12",
      "resolved": "https://registry.npmjs.org/@ethersproject/hash/-/hash-5.0.12.tgz",
      "integrity": "sha512-kn4QN+fhNFbUgX3XZTZUaQixi0oyfIEY+hfW+KtkHu+rq7dV76oAIvaLEEynu1/4npOL38E4X4YI42gGZk+C0Q==",
      "requires": {
        "@ethersproject/abstract-signer": "^5.0.10",
        "@ethersproject/address": "^5.0.9",
        "@ethersproject/bignumber": "^5.0.13",
        "@ethersproject/bytes": "^5.0.9",
        "@ethersproject/keccak256": "^5.0.7",
        "@ethersproject/logger": "^5.0.8",
        "@ethersproject/properties": "^5.0.7",
        "@ethersproject/strings": "^5.0.8"
      }
    },
    "@ethersproject/keccak256": {
      "version": "5.0.9",
      "resolved": "https://registry.npmjs.org/@ethersproject/keccak256/-/keccak256-5.0.9.tgz",
      "integrity": "sha512-zhdUTj6RGtCJSgU+bDrWF6cGbvW453LoIC1DSNWrTlXzC7WuH4a+EiPrgc7/kNoRxerKuA/cxYlI8GwNtVtDlw==",
      "requires": {
        "@ethersproject/bytes": "^5.0.9",
        "js-sha3": "0.5.7"
      }
    },
    "@ethersproject/logger": {
      "version": "5.0.10",
      "resolved": "https://registry.npmjs.org/@ethersproject/logger/-/logger-5.0.10.tgz",
      "integrity": "sha512-0y2T2NqykDrbPM3Zw9RSbPkDOxwChAL8detXaom76CfYoGxsOnRP/zTX8OUAV+x9LdwzgbWvWmeXrc0M7SuDZw=="
    },
    "@ethersproject/networks": {
      "version": "5.0.9",
      "resolved": "https://registry.npmjs.org/@ethersproject/networks/-/networks-5.0.9.tgz",
      "integrity": "sha512-L8+VCQwArBLGkxZb/5Ns/OH/OxP38AcaveXIxhUTq+VWpXYjrObG3E7RDQIKkUx1S1IcQl/UWTz5w4DK0UitJg==",
      "requires": {
        "@ethersproject/logger": "^5.0.8"
      }
    },
    "@ethersproject/properties": {
      "version": "5.0.9",
      "resolved": "https://registry.npmjs.org/@ethersproject/properties/-/properties-5.0.9.tgz",
      "integrity": "sha512-ZCjzbHYTw+rF1Pn8FDCEmx3gQttwIHcm/6Xee8g/M3Ga3SfW4tccNMbs5zqnBH0E4RoOPaeNgyg1O68TaF0tlg==",
      "requires": {
        "@ethersproject/logger": "^5.0.8"
      }
    },
    "@ethersproject/rlp": {
      "version": "5.0.9",
      "resolved": "https://registry.npmjs.org/@ethersproject/rlp/-/rlp-5.0.9.tgz",
      "integrity": "sha512-ns1U7ZMVeruUW6JXc4om+1w3w4ynHN/0fpwmeNTsAjwGKoF8SAUgue6ylKpHKWSti2idx7jDxbn8hNNFHk67CA==",
      "requires": {
        "@ethersproject/bytes": "^5.0.9",
        "@ethersproject/logger": "^5.0.8"
      }
    },
    "@ethersproject/signing-key": {
      "version": "5.0.11",
      "resolved": "https://registry.npmjs.org/@ethersproject/signing-key/-/signing-key-5.0.11.tgz",
      "integrity": "sha512-Jfcru/BGwdkXhLxT+8WCZtFy7LL0TPFZw05FAb5asxB/MyVsEfNdNxGDtjVE9zXfmRSPe/EusXYY4K7wcygOyQ==",
      "requires": {
        "@ethersproject/bytes": "^5.0.9",
        "@ethersproject/logger": "^5.0.8",
        "@ethersproject/properties": "^5.0.7",
        "elliptic": "6.5.4"
      }
    },
    "@ethersproject/strings": {
      "version": "5.0.10",
      "resolved": "https://registry.npmjs.org/@ethersproject/strings/-/strings-5.0.10.tgz",
      "integrity": "sha512-KAeoS1tZ9/5ECXiIZA6S6hywbD0so2VmuW+Wfyo5EDXeyZ6Na1nxTPhTnW7voQmjbeYJffCrOc0qLFJeylyg7w==",
      "requires": {
        "@ethersproject/bytes": "^5.0.9",
        "@ethersproject/constants": "^5.0.8",
        "@ethersproject/logger": "^5.0.8"
      }
    },
    "@ethersproject/transactions": {
      "version": "5.0.11",
      "resolved": "https://registry.npmjs.org/@ethersproject/transactions/-/transactions-5.0.11.tgz",
      "integrity": "sha512-ftsRvR9+gQp7L63F6+XmstvsZ4w8GtWvQB08e/zB+oB86Fnhq8+i/tkgpJplSHC8I/qgiCisva+M3u2GVhDFPA==",
      "requires": {
        "@ethersproject/address": "^5.0.9",
        "@ethersproject/bignumber": "^5.0.13",
        "@ethersproject/bytes": "^5.0.9",
        "@ethersproject/constants": "^5.0.8",
        "@ethersproject/keccak256": "^5.0.7",
        "@ethersproject/logger": "^5.0.8",
        "@ethersproject/properties": "^5.0.7",
        "@ethersproject/rlp": "^5.0.7",
        "@ethersproject/signing-key": "^5.0.8"
      }
    },
    "@ethersproject/web": {
      "version": "5.0.14",
      "resolved": "https://registry.npmjs.org/@ethersproject/web/-/web-5.0.14.tgz",
      "integrity": "sha512-QpTgplslwZ0Sp9oKNLoRuS6TKxnkwfaEk3gr7zd7XLF8XBsYejsrQO/03fNfnMx/TAT/RR6WEw/mbOwpRSeVRA==",
      "requires": {
        "@ethersproject/base64": "^5.0.7",
        "@ethersproject/bytes": "^5.0.9",
        "@ethersproject/logger": "^5.0.8",
        "@ethersproject/properties": "^5.0.7",
        "@ethersproject/strings": "^5.0.8"
      }
    },
    "@types/bn.js": {
      "version": "5.1.0",
      "resolved": "https://registry.npmjs.org/@types/bn.js/-/bn.js-5.1.0.tgz",
      "integrity": "sha512-QSSVYj7pYFN49kW77o2s9xTCwZ8F2xLbjLLSEVh8D2F4JUhZtPAGOFLTD+ffqksBx/u4cE/KImFjyhqCjn/LIA==",
      "requires": {
        "@types/node": "*"
      }
    },
    "@types/node": {
      "version": "14.14.36",
      "resolved": "https://registry.npmjs.org/@types/node/-/node-14.14.36.tgz",
      "integrity": "sha512-kjivUwDJfIjngzbhooRnOLhGYz6oRFi+L+EpMjxroDYXwDw9lHrJJ43E+dJ6KAd3V3WxWAJ/qZE9XKYHhjPOFQ=="
    },
    "base-x": {
      "version": "3.0.8",
      "resolved": "https://registry.npmjs.org/base-x/-/base-x-3.0.8.tgz",
      "integrity": "sha512-Rl/1AWP4J/zRrk54hhlxH4drNxPJXYUaKffODVI53/dAsV4t9fBxyxYKAVPU1XBHxYwOWP9h9H0hM2MVw4YfJA==",
      "requires": {
        "safe-buffer": "^5.0.1"
      }
    },
    "bigint-buffer": {
      "version": "1.1.5",
      "resolved": "https://registry.npmjs.org/bigint-buffer/-/bigint-buffer-1.1.5.tgz",
      "integrity": "sha512-trfYco6AoZ+rKhKnxA0hgX0HAbVP/s808/EuDSe2JDzUnCp/xAsli35Orvk67UrTEcwuxZqYZDmfA2RXJgxVvA==",
      "requires": {
        "bindings": "^1.3.0"
      }
    },
    "bindings": {
      "version": "1.5.0",
      "resolved": "https://registry.npmjs.org/bindings/-/bindings-1.5.0.tgz",
      "integrity": "sha512-p2q/t/mhvuOj/UeLlV6566GD/guowlr0hHxClI0W9m7MWYkL1F0hLo+0Aexs9HSPCtR1SXQ0TD3MMKrXZajbiQ==",
      "requires": {
        "file-uri-to-path": "1.0.0"
      }
    },
    "bn.js": {
      "version": "5.2.0",
      "resolved": "https://registry.npmjs.org/bn.js/-/bn.js-5.2.0.tgz",
      "integrity": "sha512-D7iWRBvnZE8ecXiLj/9wbxH7Tk79fAh8IHaTNq1RWRixsS02W+5qS+iE9yq6RYl0asXx5tw0bLhmT5pIfbSquw=="
    },
    "borsh": {
      "version": "0.3.1",
      "resolved": "https://registry.npmjs.org/borsh/-/borsh-0.3.1.tgz",
      "integrity": "sha512-gJoSTnhwLxN/i2+15Y7uprU8h3CKI+Co4YKZKvrGYUy0FwHWM20x5Sx7eU8Xv4HQqV+7rb4r3P7K1cBIQe3q8A==",
      "requires": {
        "@types/bn.js": "^4.11.5",
        "bn.js": "^5.0.0",
        "bs58": "^4.0.0",
        "text-encoding-utf-8": "^1.0.2"
      },
      "dependencies": {
        "@types/bn.js": {
          "version": "4.11.6",
          "resolved": "https://registry.npmjs.org/@types/bn.js/-/bn.js-4.11.6.tgz",
          "integrity": "sha512-pqr857jrp2kPuO9uRjZ3PwnJTjoQy+fcdxvBTvHm6dkmEL9q+hDD/2j/0ELOBPtPnS8LjCX0gI9nbl8lVkadpg==",
          "requires": {
            "@types/node": "*"
          }
        }
      }
    },
    "brorand": {
      "version": "1.1.0",
      "resolved": "https://registry.npmjs.org/brorand/-/brorand-1.1.0.tgz",
      "integrity": "sha1-EsJe/kCkXjwyPrhnWgoM5XsiNx8="
    },
    "bs58": {
      "version": "4.0.1",
      "resolved": "https://registry.npmjs.org/bs58/-/bs58-4.0.1.tgz",
      "integrity": "sha1-vhYedsNU9veIrkBx9j806MTwpCo=",
      "requires": {
        "base-x": "^3.0.2"
      }
    },
    "capability": {
      "version": "0.2.5",
      "resolved": "https://registry.npmjs.org/capability/-/capability-0.2.5.tgz",
      "integrity": "sha1-Ua2HNT8ZNv/Xfy8hx0YzpN6oiAE="
    },
    "depd": {
      "version": "2.0.0",
      "resolved": "https://registry.npmjs.org/depd/-/depd-2.0.0.tgz",
      "integrity": "sha512-g7nH6P6dyDioJogAAGprGpCtVImJhpPk/roCzdb3fIh61/s/nPsfR6onyMwkCAR/OlC3yBC0lESvUoQEAssIrw=="
    },
    "elliptic": {
      "version": "6.5.4",
      "resolved": "https://registry.npmjs.org/elliptic/-/elliptic-6.5.4.tgz",
      "integrity": "sha512-iLhC6ULemrljPZb+QutR5TQGB+pdW6KGD5RSegS+8sorOZT+rdQFbsQFJgvN3eRqNALqJer4oQ16YvJHlU8hzQ==",
      "requires": {
        "bn.js": "^4.11.9",
        "brorand": "^1.1.0",
        "hash.js": "^1.0.0",
        "hmac-drbg": "^1.0.1",
        "inherits": "^2.0.4",
        "minimalistic-assert": "^1.0.1",
        "minimalistic-crypto-utils": "^1.0.1"
      },
      "dependencies": {
        "bn.js": {
          "version": "4.12.0",
          "resolved": "https://registry.npmjs.org/bn.js/-/bn.js-4.12.0.tgz",
          "integrity": "sha512-c98Bf3tPniI+scsdk237ku1Dc3ujXQTSgyiPUDEOe7tRkhrqridvh8klBv0HCEso1OLOYcHuCv/cS6DNxKH+ZA=="
        }
      }
    },
    "error-polyfill": {
      "version": "0.1.2",
      "resolved": "https://registry.npmjs.org/error-polyfill/-/error-polyfill-0.1.2.tgz",
      "integrity": "sha512-8uhnXlJuhFkmIfhw2tAHtWQGpXcw5rrc0dhuY3bhn8tBHvh6l0oL9VJvR2suqx9eltglKKhVPv8luPQy+UxLTA==",
      "requires": {
        "capability": "^0.2.5",
        "o3": "^1.0.3",
        "u3": "^0.1.0"
      }
    },
    "file-uri-to-path": {
      "version": "1.0.0",
      "resolved": "https://registry.npmjs.org/file-uri-to-path/-/file-uri-to-path-1.0.0.tgz",
      "integrity": "sha512-0Zt+s3L7Vf1biwWZ29aARiVYLx7iMGnEUl9x33fbB/j3jR81u/O2LbqK+Bm1CDSNDKVtJ/YjwY7TUd5SkeLQLw=="
    },
    "hash.js": {
      "version": "1.1.7",
      "resolved": "https://registry.npmjs.org/hash.js/-/hash.js-1.1.7.tgz",
      "integrity": "sha512-taOaskGt4z4SOANNseOviYDvjEJinIkRgmp7LbKP2YTTmVxWBl87s/uzK9r+44BclBSp2X7K1hqeNfz9JbBeXA==",
      "requires": {
        "inherits": "^2.0.3",
        "minimalistic-assert": "^1.0.1"
      }
    },
    "hmac-drbg": {
      "version": "1.0.1",
      "resolved": "https://registry.npmjs.org/hmac-drbg/-/hmac-drbg-1.0.1.tgz",
      "integrity": "sha1-0nRXAQJabHdabFRXk+1QL8DGSaE=",
      "requires": {
        "hash.js": "^1.0.3",
        "minimalistic-assert": "^1.0.0",
        "minimalistic-crypto-utils": "^1.0.1"
      }
    },
    "http-errors": {
      "version": "1.8.0",
      "resolved": "https://registry.npmjs.org/http-errors/-/http-errors-1.8.0.tgz",
      "integrity": "sha512-4I8r0C5JDhT5VkvI47QktDW75rNlGVsUf/8hzjCC/wkWI/jdTRmBb9aI7erSG82r1bjKY3F6k28WnsVxB1C73A==",
      "requires": {
        "depd": "~1.1.2",
        "inherits": "2.0.4",
        "setprototypeof": "1.2.0",
        "statuses": ">= 1.5.0 < 2",
        "toidentifier": "1.0.0"
      },
      "dependencies": {
        "depd": {
          "version": "1.1.2",
          "resolved": "https://registry.npmjs.org/depd/-/depd-1.1.2.tgz",
          "integrity": "sha1-m81S4UwJd2PnSbJ0xDRu0uVgtak="
        }
      }
    },
    "inherits": {
      "version": "2.0.4",
      "resolved": "https://registry.npmjs.org/inherits/-/inherits-2.0.4.tgz",
      "integrity": "sha512-k/vGaX4/Yla3WzyMCvTQOXYeIHvqOKtnqBduzTHpzpQZzAskKMhZ2K+EnBiSM9zGSoIFeMpXKxa4dYeZIQqewQ=="
    },
    "js-sha256": {
      "version": "0.9.0",
      "resolved": "https://registry.npmjs.org/js-sha256/-/js-sha256-0.9.0.tgz",
      "integrity": "sha512-sga3MHh9sgQN2+pJ9VYZ+1LPwXOxuBJBA5nrR5/ofPfuiJBE2hnjsaN8se8JznOmGLN2p49Pe5U/ttafcs/apA=="
    },
    "js-sha3": {
      "version": "0.5.7",
      "resolved": "https://registry.npmjs.org/js-sha3/-/js-sha3-0.5.7.tgz",
      "integrity": "sha1-DU/9gALVMzqrr0oj7tL2N0yfKOc="
    },
    "minimalistic-assert": {
      "version": "1.0.1",
      "resolved": "https://registry.npmjs.org/minimalistic-assert/-/minimalistic-assert-1.0.1.tgz",
      "integrity": "sha512-UtJcAD4yEaGtjPezWuO9wC4nwUnVH/8/Im3yEHQP4b67cXlD/Qr9hdITCU1xDbSEXg2XKNaP8jsReV7vQd00/A=="
    },
    "minimalistic-crypto-utils": {
      "version": "1.0.1",
      "resolved": "https://registry.npmjs.org/minimalistic-crypto-utils/-/minimalistic-crypto-utils-1.0.1.tgz",
      "integrity": "sha1-9sAMHAsIIkblxNmd+4x8CDsrWCo="
    },
    "mustache": {
      "version": "4.1.0",
      "resolved": "https://registry.npmjs.org/mustache/-/mustache-4.1.0.tgz",
      "integrity": "sha512-0FsgP/WVq4mKyjolIyX+Z9Bd+3WS8GOwoUTyKXT5cTYMGeauNTi2HPCwERqseC1IHAy0Z7MDZnJBfjabd4O8GQ=="
    },
    "near-api-js": {
      "version": "0.39.0",
      "resolved": "https://registry.npmjs.org/near-api-js/-/near-api-js-0.39.0.tgz",
      "integrity": "sha512-RX2oLOg438QCY3UQLb6FMkXmInFQIS0S+xg/auNZP292ySsMTKppoD07g/ExEFbW8Uyej8/TvjhBjKxnDBUigQ==",
      "requires": {
        "@types/bn.js": "^5.1.0",
        "bn.js": "^5.0.0",
        "borsh": "^0.3.1",
        "bs58": "^4.0.0",
        "depd": "^2.0.0",
        "error-polyfill": "^0.1.2",
        "http-errors": "^1.7.2",
        "js-sha256": "^0.9.0",
        "mustache": "^4.0.0",
        "node-fetch": "^2.6.1",
        "text-encoding-utf-8": "^1.0.2",
        "tweetnacl": "^1.0.1"
      }
    },
    "node-fetch": {
      "version": "2.6.1",
      "resolved": "https://registry.npmjs.org/node-fetch/-/node-fetch-2.6.1.tgz",
      "integrity": "sha512-V4aYg89jEoVRxRb2fJdAg8FHvI7cEyYdVAh94HH0UIK8oJxUfkjlDQN9RbMx+bEjP7+ggMiFRprSti032Oipxw=="
    },
    "o3": {
      "version": "1.0.3",
      "resolved": "https://registry.npmjs.org/o3/-/o3-1.0.3.tgz",
      "integrity": "sha1-GSzod6iC36Z1HwQSqGX6+y2h2sA=",
      "requires": {
        "capability": "^0.2.5"
      }
    },
    "safe-buffer": {
      "version": "5.2.1",
      "resolved": "https://registry.npmjs.org/safe-buffer/-/safe-buffer-5.2.1.tgz",
      "integrity": "sha512-rp3So07KcdmmKbGvgaNxQSJr7bGVSVk5S9Eq1F+ppbRo70+YeaDxkw5Dd8NPN+GD6bjnYm2VuPuCXmpuYvmCXQ=="
    },
    "setprototypeof": {
      "version": "1.2.0",
      "resolved": "https://registry.npmjs.org/setprototypeof/-/setprototypeof-1.2.0.tgz",
      "integrity": "sha512-E5LDX7Wrp85Kil5bhZv46j8jOeboKq5JMmYM3gVGdGH8xFpPWXUMsNrlODCrkoxMEeNi/XZIwuRvY4XNwYMJpw=="
    },
    "statuses": {
      "version": "1.5.0",
      "resolved": "https://registry.npmjs.org/statuses/-/statuses-1.5.0.tgz",
      "integrity": "sha1-Fhx9rBd2Wf2YEfQ3cfqZOBR4Yow="
    },
    "text-encoding-utf-8": {
      "version": "1.0.2",
      "resolved": "https://registry.npmjs.org/text-encoding-utf-8/-/text-encoding-utf-8-1.0.2.tgz",
      "integrity": "sha512-8bw4MY9WjdsD2aMtO0OzOCY3pXGYNx2d2FfHRVUKkiCPDWjKuOlhLVASS+pD7VkLTVjW268LYJHwsnPFlBpbAg=="
    },
    "toidentifier": {
      "version": "1.0.0",
      "resolved": "https://registry.npmjs.org/toidentifier/-/toidentifier-1.0.0.tgz",
      "integrity": "sha512-yaOH/Pk/VEhBWWTlhI+qXxDFXlejDGcQipMlyxda9nthulaxLZUNcUqFxokp0vcYnvteJln5FNQDRrxj3YcbVw=="
    },
    "tweetnacl": {
      "version": "1.0.3",
      "resolved": "https://registry.npmjs.org/tweetnacl/-/tweetnacl-1.0.3.tgz",
      "integrity": "sha512-6rt+RN7aOi1nGMyC4Xa5DdYiukl2UWCbcJft7YhxReBGQD7OAM8Pbxw6YMo4r2diNEA8FEmu32YOn9rhaiE5yw=="
    },
    "typescript": {
      "version": "4.2.3",
      "resolved": "https://registry.npmjs.org/typescript/-/typescript-4.2.3.tgz",
      "integrity": "sha512-qOcYwxaByStAWrBf4x0fibwZvMRG+r4cQoTjbPtUlrWjBHbmCAww1i448U0GJ+3cNNEtebDteo/cHOR3xJ4wEw==",
      "dev": true
    },
    "u3": {
      "version": "0.1.0",
      "resolved": "https://registry.npmjs.org/u3/-/u3-0.1.0.tgz",
      "integrity": "sha1-AGCSdmO2g1PFOc2pnpUR1mh+3Z0="
    }
  }
}
