# This file is automatically @generated by Cargo.
# It is not intended for manual editing.
version = 3

[[package]]
name = "ahash"
version = "0.4.7"
source = "registry+https://github.com/rust-lang/crates.io-index"
checksum = "739f4a8db6605981345c5654f3a85b056ce52f37a39d34da03f25bf2151ea16e"

[[package]]
name = "anyhow"
version = "1.0.57"
source = "registry+https://github.com/rust-lang/crates.io-index"
checksum = "08f9b8508dccb7687a1d6c4ce66b2b0ecef467c94667de27d8d7fe1f8d2a9cdc"

[[package]]
name = "arrayref"
version = "0.3.6"
source = "registry+https://github.com/rust-lang/crates.io-index"
checksum = "a4c527152e37cf757a3f78aae5a06fbeefdb07ccc535c980a3208ee3060dd544"

[[package]]
name = "arrayvec"
version = "0.7.2"
source = "registry+https://github.com/rust-lang/crates.io-index"
checksum = "8da52d66c7071e2e3fa2a1e5c6d088fec47b593032b254f5e980de8ea54454d6"

[[package]]
name = "aurora-blake2"
version = "0.9.1"
source = "git+https://github.com/aurora-is-near/aurora-blake2.git#05a0b5f7a544c527c0118f8afe2f943b3de4bb03"
dependencies = [
 "crypto-mac",
 "digest 0.9.0",
 "opaque-debug 0.3.0",
]

[[package]]
name = "aurora-bn"
version = "0.1.0"
source = "git+https://github.com/aurora-is-near/aurora-bn.git#8f1743884061981cac84388862e2763b2aa09307"
dependencies = [
 "byteorder",
 "getrandom",
]

[[package]]
name = "aurora-engine"
version = "2.1.0"
dependencies = [
 "aurora-bn",
 "aurora-engine-precompiles",
 "aurora-engine-sdk",
 "aurora-engine-transactions",
 "aurora-engine-types",
 "base64",
 "borsh",
 "byte-slice-cast",
 "ethabi",
 "evm",
 "evm-core",
 "hex",
 "libsecp256k1",
 "logos",
 "num",
 "primitive-types",
 "ripemd160",
 "rjson",
 "rlp",
 "sha3 0.9.1",
 "wee_alloc",
]

[[package]]
name = "aurora-engine-precompiles"
version = "1.0.0"
dependencies = [
 "aurora-blake2",
 "aurora-bn",
 "aurora-engine-sdk",
 "aurora-engine-types",
 "base64",
 "borsh",
 "ethabi",
 "evm",
 "evm-core",
 "hex",
 "libsecp256k1",
 "num",
 "primitive-types",
 "ripemd160",
 "sha2",
 "sha3 0.9.1",
]

[[package]]
name = "aurora-engine-sdk"
version = "1.0.0"
dependencies = [
 "aurora-engine-types",
 "borsh",
 "sha2",
 "sha3 0.9.1",
]

[[package]]
name = "aurora-engine-transactions"
version = "1.0.0"
dependencies = [
 "aurora-engine-precompiles",
 "aurora-engine-sdk",
 "aurora-engine-types",
 "evm",
 "hex",
 "rlp",
]

[[package]]
name = "aurora-engine-types"
version = "1.0.0"
dependencies = [
 "borsh",
 "ethabi",
 "hex",
 "primitive-types",
 "sha3 0.9.1",
]

[[package]]
name = "auto_impl"
version = "0.5.0"
source = "registry+https://github.com/rust-lang/crates.io-index"
checksum = "7862e21c893d65a1650125d157eaeec691439379a1cee17ee49031b79236ada4"
dependencies = [
 "proc-macro-error",
 "proc-macro2",
 "quote",
 "syn",
]

[[package]]
name = "autocfg"
version = "1.1.0"
source = "registry+https://github.com/rust-lang/crates.io-index"
checksum = "d468802bab17cbc0cc575e9b053f41e72aa36bfa6b7f55e3529ffa43161b97fa"

[[package]]
name = "base64"
version = "0.13.0"
source = "registry+https://github.com/rust-lang/crates.io-index"
checksum = "904dfeac50f3cdaba28fc6f57fdcddb75f49ed61346676a78c4ffe55877802fd"

[[package]]
name = "beef"
version = "0.5.1"
source = "registry+https://github.com/rust-lang/crates.io-index"
checksum = "bed554bd50246729a1ec158d08aa3235d1b69d94ad120ebe187e28894787e736"

[[package]]
name = "block-buffer"
version = "0.7.3"
source = "registry+https://github.com/rust-lang/crates.io-index"
checksum = "c0940dc441f31689269e10ac70eb1002a3a1d3ad1390e030043662eb7fe4688b"
dependencies = [
 "block-padding 0.1.5",
 "byte-tools",
 "byteorder",
 "generic-array 0.12.4",
]

[[package]]
name = "block-buffer"
version = "0.9.0"
source = "registry+https://github.com/rust-lang/crates.io-index"
checksum = "4152116fd6e9dadb291ae18fc1ec3575ed6d84c29642d97890f4b4a3417297e4"
dependencies = [
 "block-padding 0.2.1",
 "generic-array 0.14.5",
]

[[package]]
name = "block-padding"
version = "0.1.5"
source = "registry+https://github.com/rust-lang/crates.io-index"
checksum = "fa79dedbb091f449f1f39e53edf88d5dbe95f895dae6135a8d7b881fb5af73f5"
dependencies = [
 "byte-tools",
]

[[package]]
name = "block-padding"
version = "0.2.1"
source = "registry+https://github.com/rust-lang/crates.io-index"
checksum = "8d696c370c750c948ada61c69a0ee2cbbb9c50b1019ddb86d9317157a99c2cae"

[[package]]
name = "borsh"
version = "0.8.2"
source = "registry+https://github.com/rust-lang/crates.io-index"
checksum = "09a7111f797cc721407885a323fb071636aee57f750b1a4ddc27397eba168a74"
dependencies = [
 "borsh-derive",
 "hashbrown",
]

[[package]]
name = "borsh-derive"
version = "0.8.2"
source = "registry+https://github.com/rust-lang/crates.io-index"
checksum = "307f3740906bac2c118a8122fe22681232b244f1369273e45f1156b45c43d2dd"
dependencies = [
 "borsh-derive-internal",
 "borsh-schema-derive-internal",
 "proc-macro-crate 0.1.5",
 "proc-macro2",
 "syn",
]

[[package]]
name = "borsh-derive-internal"
version = "0.8.2"
source = "registry+https://github.com/rust-lang/crates.io-index"
checksum = "d2104c73179359431cc98e016998f2f23bc7a05bc53e79741bcba705f30047bc"
dependencies = [
 "proc-macro2",
 "quote",
 "syn",
]

[[package]]
name = "borsh-schema-derive-internal"
version = "0.8.2"
source = "registry+https://github.com/rust-lang/crates.io-index"
checksum = "ae29eb8418fcd46f723f8691a2ac06857d31179d33d2f2d91eb13967de97c728"
dependencies = [
 "proc-macro2",
 "quote",
 "syn",
]

[[package]]
name = "bumpalo"
version = "3.9.1"
source = "registry+https://github.com/rust-lang/crates.io-index"
checksum = "a4a45a46ab1f2412e53d3a0ade76ffad2025804294569aae387231a0cd6e0899"

[[package]]
name = "byte-slice-cast"
version = "1.2.1"
source = "registry+https://github.com/rust-lang/crates.io-index"
checksum = "87c5fdd0166095e1d463fc6cc01aa8ce547ad77a4e84d42eb6762b084e28067e"

[[package]]
name = "byte-tools"
version = "0.3.1"
source = "registry+https://github.com/rust-lang/crates.io-index"
checksum = "e3b5ca7a04898ad4bcd41c90c5285445ff5b791899bb1b0abdd2a2aa791211d7"

[[package]]
name = "byteorder"
version = "1.4.3"
source = "registry+https://github.com/rust-lang/crates.io-index"
checksum = "14c189c53d098945499cdfa7ecc63567cf3886b3332b312a5b4585d8d3a6a610"

[[package]]
name = "bytes"
version = "1.1.0"
source = "registry+https://github.com/rust-lang/crates.io-index"
checksum = "c4872d67bab6358e59559027aa3b9157c53d9358c51423c17554809a8858e0f8"

[[package]]
name = "cfg-if"
version = "0.1.10"
source = "registry+https://github.com/rust-lang/crates.io-index"
checksum = "4785bdd1c96b2a846b2bd7cc02e86b6b3dbf14e7e53446c4f54c92a361040822"

[[package]]
name = "cfg-if"
version = "1.0.0"
source = "registry+https://github.com/rust-lang/crates.io-index"
checksum = "baf1de4339761588bc0619e3cbc0120ee582ebb74b53b4efbf79117bd2da40fd"

[[package]]
name = "cpufeatures"
version = "0.2.2"
source = "registry+https://github.com/rust-lang/crates.io-index"
checksum = "59a6001667ab124aebae2a495118e11d30984c3a653e99d86d58971708cf5e4b"
dependencies = [
 "libc",
]

[[package]]
name = "crunchy"
version = "0.2.2"
source = "registry+https://github.com/rust-lang/crates.io-index"
checksum = "7a81dae078cea95a014a339291cec439d2f232ebe854a9d672b796c6afafa9b7"

[[package]]
name = "crypto-mac"
version = "0.8.0"
source = "registry+https://github.com/rust-lang/crates.io-index"
checksum = "b584a330336237c1eecd3e94266efb216c56ed91225d634cb2991c5f3fd1aeab"
dependencies = [
 "generic-array 0.14.5",
 "subtle",
]

[[package]]
name = "derive_more"
version = "0.99.17"
source = "registry+https://github.com/rust-lang/crates.io-index"
checksum = "4fb810d30a7c1953f91334de7244731fc3f3c10d7fe163338a35b9f640960321"
dependencies = [
 "proc-macro2",
 "quote",
 "syn",
]

[[package]]
name = "digest"
version = "0.8.1"
source = "registry+https://github.com/rust-lang/crates.io-index"
checksum = "f3d0c8c8752312f9713efd397ff63acb9f85585afbf179282e720e7704954dd5"
dependencies = [
 "generic-array 0.12.4",
]

[[package]]
name = "digest"
version = "0.9.0"
source = "registry+https://github.com/rust-lang/crates.io-index"
checksum = "d3dd60d1080a57a05ab032377049e0591415d2b31afd7028356dbf3cc6dcb066"
dependencies = [
 "generic-array 0.14.5",
]

[[package]]
name = "ethabi"
version = "14.1.0"
source = "git+https://github.com/darwinia-network/ethabi?branch=xavier-no-std#09da0834d95f8b43377ca22d7b1c97a2401f4b0c"
dependencies = [
 "anyhow",
 "ethereum-types",
 "hex",
 "sha3 0.9.1",
 "uint",
]

[[package]]
name = "ethbloom"
version = "0.11.1"
source = "registry+https://github.com/rust-lang/crates.io-index"
checksum = "bfb684ac8fa8f6c5759f788862bb22ec6fe3cb392f6bfd08e3c64b603661e3f8"
dependencies = [
 "crunchy",
 "fixed-hash",
 "impl-codec",
 "impl-rlp",
 "scale-info",
 "tiny-keccak",
]

[[package]]
name = "ethereum"
version = "0.11.1"
source = "registry+https://github.com/rust-lang/crates.io-index"
checksum = "34c90e0a755da706ce0970ec0fa8cc48aabcc8e8efa1245336acf718dab06ffe"
dependencies = [
 "bytes",
 "ethereum-types",
 "hash-db",
 "hash256-std-hasher",
 "rlp",
 "rlp-derive",
 "sha3 0.9.1",
 "triehash",
]

[[package]]
name = "ethereum-types"
version = "0.12.1"
source = "registry+https://github.com/rust-lang/crates.io-index"
checksum = "05136f7057fe789f06e6d41d07b34e6f70d8c86e5693b60f97aaa6553553bdaf"
dependencies = [
 "ethbloom",
 "fixed-hash",
 "impl-codec",
 "impl-rlp",
 "primitive-types",
 "scale-info",
 "uint",
]

[[package]]
name = "evm"
version = "0.33.1"
source = "git+https://github.com/aurora-is-near/sputnikvm.git?rev=37448b6cacd98b06282cff5a559684505c29bd2b#37448b6cacd98b06282cff5a559684505c29bd2b"
dependencies = [
 "auto_impl",
 "ethereum",
 "evm-core",
 "evm-gasometer",
 "evm-runtime",
 "log",
 "primitive-types",
 "rlp",
 "sha3 0.8.2",
]

[[package]]
name = "evm-core"
version = "0.33.0"
source = "git+https://github.com/aurora-is-near/sputnikvm.git?rev=37448b6cacd98b06282cff5a559684505c29bd2b#37448b6cacd98b06282cff5a559684505c29bd2b"
dependencies = [
 "funty",
 "primitive-types",
]

[[package]]
name = "evm-gasometer"
version = "0.33.0"
source = "git+https://github.com/aurora-is-near/sputnikvm.git?rev=37448b6cacd98b06282cff5a559684505c29bd2b#37448b6cacd98b06282cff5a559684505c29bd2b"
dependencies = [
 "evm-core",
 "evm-runtime",
 "primitive-types",
]

[[package]]
name = "evm-runtime"
version = "0.33.0"
source = "git+https://github.com/aurora-is-near/sputnikvm.git?rev=37448b6cacd98b06282cff5a559684505c29bd2b#37448b6cacd98b06282cff5a559684505c29bd2b"
dependencies = [
 "auto_impl",
 "evm-core",
 "primitive-types",
 "sha3 0.8.2",
]

[[package]]
name = "fixed-hash"
version = "0.7.0"
source = "registry+https://github.com/rust-lang/crates.io-index"
checksum = "cfcf0ed7fe52a17a03854ec54a9f76d6d84508d1c0e66bc1793301c73fc8493c"
dependencies = [
 "byteorder",
 "rustc-hex",
 "static_assertions",
]

[[package]]
name = "fnv"
version = "1.0.7"
source = "registry+https://github.com/rust-lang/crates.io-index"
checksum = "3f9eec918d3f24069decb9af1554cad7c880e2da24a9afd88aca000531ab82c1"

[[package]]
name = "funty"
version = "1.1.0"
source = "registry+https://github.com/rust-lang/crates.io-index"
checksum = "fed34cd105917e91daa4da6b3728c47b068749d6a62c59811f06ed2ac71d9da7"

[[package]]
name = "generic-array"
version = "0.12.4"
source = "registry+https://github.com/rust-lang/crates.io-index"
checksum = "ffdf9f34f1447443d37393cc6c2b8313aebddcd96906caf34e54c68d8e57d7bd"
dependencies = [
 "typenum",
]

[[package]]
name = "generic-array"
version = "0.14.5"
source = "registry+https://github.com/rust-lang/crates.io-index"
checksum = "fd48d33ec7f05fbfa152300fdad764757cbded343c1aa1cff2fbaf4134851803"
dependencies = [
 "typenum",
 "version_check",
]

[[package]]
name = "getrandom"
version = "0.2.6"
source = "registry+https://github.com/rust-lang/crates.io-index"
checksum = "9be70c98951c83b8d2f8f60d7065fa6d5146873094452a1008da8c2f1e4205ad"
dependencies = [
 "cfg-if 1.0.0",
 "js-sys",
 "libc",
 "wasi",
 "wasm-bindgen",
]

[[package]]
name = "hash-db"
version = "0.15.2"
source = "registry+https://github.com/rust-lang/crates.io-index"
checksum = "d23bd4e7b5eda0d0f3a307e8b381fdc8ba9000f26fbe912250c0a4cc3956364a"

[[package]]
name = "hash256-std-hasher"
version = "0.15.2"
source = "registry+https://github.com/rust-lang/crates.io-index"
checksum = "92c171d55b98633f4ed3860808f004099b36c1cc29c42cfc53aa8591b21efcf2"
dependencies = [
 "crunchy",
]

[[package]]
name = "hashbrown"
version = "0.9.1"
source = "registry+https://github.com/rust-lang/crates.io-index"
checksum = "d7afe4a420e3fe79967a00898cc1f4db7c8a49a9333a29f8a4bd76a253d5cd04"
dependencies = [
 "ahash",
]

[[package]]
name = "hex"
version = "0.4.3"
source = "registry+https://github.com/rust-lang/crates.io-index"
checksum = "7f24254aa9a54b5c858eaee2f5bccdb46aaf0e486a595ed5fd8f86ba55232a70"

[[package]]
name = "impl-codec"
version = "0.5.1"
source = "registry+https://github.com/rust-lang/crates.io-index"
checksum = "161ebdfec3c8e3b52bf61c4f3550a1eea4f9579d10dc1b936f3171ebdcd6c443"
dependencies = [
 "parity-scale-codec",
]

[[package]]
name = "impl-rlp"
version = "0.3.0"
source = "registry+https://github.com/rust-lang/crates.io-index"
checksum = "f28220f89297a075ddc7245cd538076ee98b01f2a9c23a53a4f1105d5a322808"
dependencies = [
 "rlp",
]

[[package]]
name = "impl-trait-for-tuples"
version = "0.2.2"
source = "registry+https://github.com/rust-lang/crates.io-index"
checksum = "11d7a9f6330b71fea57921c9b61c47ee6e84f72d394754eff6163ae67e7395eb"
dependencies = [
 "proc-macro2",
 "quote",
 "syn",
]

[[package]]
name = "js-sys"
version = "0.3.57"
source = "registry+https://github.com/rust-lang/crates.io-index"
checksum = "671a26f820db17c2a2750743f1dd03bafd15b98c9f30c7c2628c024c05d73397"
dependencies = [
 "wasm-bindgen",
]

[[package]]
name = "keccak"
version = "0.1.2"
source = "registry+https://github.com/rust-lang/crates.io-index"
checksum = "f9b7d56ba4a8344d6be9729995e6b06f928af29998cdf79fe390cbf6b1fee838"

[[package]]
name = "lazy_static"
version = "1.4.0"
source = "registry+https://github.com/rust-lang/crates.io-index"
checksum = "e2abad23fbc42b3700f2f279844dc832adb2b2eb069b2df918f455c4e18cc646"

[[package]]
name = "libc"
version = "0.2.126"
source = "registry+https://github.com/rust-lang/crates.io-index"
checksum = "349d5a591cd28b49e1d1037471617a32ddcda5731b99419008085f72d5a53836"

[[package]]
name = "libsecp256k1"
version = "0.3.5"
source = "registry+https://github.com/rust-lang/crates.io-index"
checksum = "1fc1e2c808481a63dc6da2074752fdd4336a3c8fcc68b83db6f1fd5224ae7962"
dependencies = [
 "arrayref",
 "crunchy",
 "digest 0.8.1",
 "rand",
 "subtle",
]

[[package]]
name = "log"
version = "0.4.17"
source = "registry+https://github.com/rust-lang/crates.io-index"
checksum = "abb12e687cfb44aa40f41fc3978ef76448f9b6038cad6aef4259d3c095a2382e"
dependencies = [
 "cfg-if 1.0.0",
]

[[package]]
name = "logos"
version = "0.12.0"
source = "registry+https://github.com/rust-lang/crates.io-index"
checksum = "427e2abca5be13136da9afdbf874e6b34ad9001dd70f2b103b083a85daa7b345"
dependencies = [
 "logos-derive",
]

[[package]]
name = "logos-derive"
version = "0.12.0"
source = "registry+https://github.com/rust-lang/crates.io-index"
checksum = "56a7d287fd2ac3f75b11f19a1c8a874a7d55744bd91f7a1b3e7cf87d4343c36d"
dependencies = [
 "beef",
 "fnv",
 "proc-macro2",
 "quote",
 "regex-syntax",
 "syn",
 "utf8-ranges",
]

[[package]]
name = "memory_units"
version = "0.4.0"
source = "registry+https://github.com/rust-lang/crates.io-index"
checksum = "8452105ba047068f40ff7093dd1d9da90898e63dd61736462e9cdda6a90ad3c3"

[[package]]
name = "num"
version = "0.4.0"
source = "registry+https://github.com/rust-lang/crates.io-index"
checksum = "43db66d1170d347f9a065114077f7dccb00c1b9478c89384490a3425279a4606"
dependencies = [
 "num-bigint",
 "num-complex",
 "num-integer",
 "num-iter",
 "num-rational",
 "num-traits",
]

[[package]]
name = "num-bigint"
version = "0.4.3"
source = "registry+https://github.com/rust-lang/crates.io-index"
checksum = "f93ab6289c7b344a8a9f60f88d80aa20032336fe78da341afc91c8a2341fc75f"
dependencies = [
 "autocfg",
 "num-integer",
 "num-traits",
]

[[package]]
name = "num-complex"
version = "0.4.1"
source = "registry+https://github.com/rust-lang/crates.io-index"
checksum = "97fbc387afefefd5e9e39493299f3069e14a140dd34dc19b4c1c1a8fddb6a790"
dependencies = [
 "num-traits",
]

[[package]]
name = "num-integer"
version = "0.1.45"
source = "registry+https://github.com/rust-lang/crates.io-index"
checksum = "225d3389fb3509a24c93f5c29eb6bde2586b98d9f016636dff58d7c6f7569cd9"
dependencies = [
 "autocfg",
 "num-traits",
]

[[package]]
name = "num-iter"
version = "0.1.43"
source = "registry+https://github.com/rust-lang/crates.io-index"
checksum = "7d03e6c028c5dc5cac6e2dec0efda81fc887605bb3d884578bb6d6bf7514e252"
dependencies = [
 "autocfg",
 "num-integer",
 "num-traits",
]

[[package]]
name = "num-rational"
version = "0.4.0"
source = "registry+https://github.com/rust-lang/crates.io-index"
checksum = "d41702bd167c2df5520b384281bc111a4b5efcf7fbc4c9c222c815b07e0a6a6a"
dependencies = [
 "autocfg",
 "num-bigint",
 "num-integer",
 "num-traits",
]

[[package]]
name = "num-traits"
version = "0.2.15"
source = "registry+https://github.com/rust-lang/crates.io-index"
checksum = "578ede34cf02f8924ab9447f50c28075b4d3e5b269972345e7e0372b38c6cdcd"
dependencies = [
 "autocfg",
]

[[package]]
name = "opaque-debug"
version = "0.2.3"
source = "registry+https://github.com/rust-lang/crates.io-index"
checksum = "2839e79665f131bdb5782e51f2c6c9599c133c6098982a54c794358bf432529c"

[[package]]
name = "opaque-debug"
version = "0.3.0"
source = "registry+https://github.com/rust-lang/crates.io-index"
checksum = "624a8340c38c1b80fd549087862da4ba43e08858af025b236e509b6649fc13d5"

[[package]]
name = "parity-scale-codec"
version = "2.3.1"
source = "registry+https://github.com/rust-lang/crates.io-index"
checksum = "373b1a4c1338d9cd3d1fa53b3a11bdab5ab6bd80a20f7f7becd76953ae2be909"
dependencies = [
 "arrayvec",
 "byte-slice-cast",
 "impl-trait-for-tuples",
 "parity-scale-codec-derive",
]

[[package]]
name = "parity-scale-codec-derive"
version = "2.3.1"
source = "registry+https://github.com/rust-lang/crates.io-index"
checksum = "1557010476e0595c9b568d16dcfb81b93cdeb157612726f5170d31aa707bed27"
dependencies = [
 "proc-macro-crate 1.1.3",
 "proc-macro2",
 "quote",
 "syn",
]

[[package]]
name = "ppv-lite86"
version = "0.2.16"
source = "registry+https://github.com/rust-lang/crates.io-index"
checksum = "eb9f9e6e233e5c4a35559a617bf40a4ec447db2e84c20b55a6f83167b7e57872"

[[package]]
name = "primitive-types"
version = "0.10.1"
source = "registry+https://github.com/rust-lang/crates.io-index"
checksum = "05e4722c697a58a99d5d06a08c30821d7c082a4632198de1eaa5a6c22ef42373"
dependencies = [
 "fixed-hash",
 "impl-codec",
 "impl-rlp",
 "scale-info",
 "uint",
]

[[package]]
name = "proc-macro-crate"
version = "0.1.5"
source = "registry+https://github.com/rust-lang/crates.io-index"
checksum = "1d6ea3c4595b96363c13943497db34af4460fb474a95c43f4446ad341b8c9785"
dependencies = [
 "toml",
]

[[package]]
name = "proc-macro-crate"
version = "1.1.3"
source = "registry+https://github.com/rust-lang/crates.io-index"
checksum = "e17d47ce914bf4de440332250b0edd23ce48c005f59fab39d3335866b114f11a"
dependencies = [
 "thiserror",
 "toml",
]

[[package]]
name = "proc-macro-error"
version = "1.0.4"
source = "registry+https://github.com/rust-lang/crates.io-index"
checksum = "da25490ff9892aab3fcf7c36f08cfb902dd3e71ca0f9f9517bea02a73a5ce38c"
dependencies = [
 "proc-macro-error-attr",
 "proc-macro2",
 "quote",
 "syn",
 "version_check",
]

[[package]]
name = "proc-macro-error-attr"
version = "1.0.4"
source = "registry+https://github.com/rust-lang/crates.io-index"
checksum = "a1be40180e52ecc98ad80b184934baf3d0d29f979574e439af5a55274b35f869"
dependencies = [
 "proc-macro2",
 "quote",
 "version_check",
]

[[package]]
name = "proc-macro2"
version = "1.0.39"
source = "registry+https://github.com/rust-lang/crates.io-index"
checksum = "c54b25569025b7fc9651de43004ae593a75ad88543b17178aa5e1b9c4f15f56f"
dependencies = [
 "unicode-ident",
]

[[package]]
name = "quote"
version = "1.0.18"
source = "registry+https://github.com/rust-lang/crates.io-index"
checksum = "a1feb54ed693b93a84e14094943b84b7c4eae204c512b7ccb95ab0c66d278ad1"
dependencies = [
 "proc-macro2",
]

[[package]]
name = "rand"
version = "0.7.3"
source = "registry+https://github.com/rust-lang/crates.io-index"
checksum = "6a6b1679d49b24bbfe0c803429aa1874472f50d9b363131f0e89fc356b544d03"
dependencies = [
 "rand_chacha",
 "rand_core",
 "rand_hc",
]

[[package]]
name = "rand_chacha"
version = "0.2.2"
source = "registry+https://github.com/rust-lang/crates.io-index"
checksum = "f4c8ed856279c9737206bf725bf36935d8666ead7aa69b52be55af369d193402"
dependencies = [
 "ppv-lite86",
 "rand_core",
]

[[package]]
name = "rand_core"
version = "0.5.1"
source = "registry+https://github.com/rust-lang/crates.io-index"
checksum = "90bde5296fc891b0cef12a6d03ddccc162ce7b2aff54160af9338f8d40df6d19"

[[package]]
name = "rand_hc"
version = "0.2.0"
source = "registry+https://github.com/rust-lang/crates.io-index"
checksum = "ca3129af7b92a17112d59ad498c6f81eaf463253766b90396d39ea7a39d6613c"
dependencies = [
 "rand_core",
]

[[package]]
name = "regex-syntax"
version = "0.6.26"
source = "registry+https://github.com/rust-lang/crates.io-index"
checksum = "49b3de9ec5dc0a3417da371aab17d729997c15010e7fd24ff707773a33bddb64"

[[package]]
name = "ripemd160"
version = "0.9.1"
source = "registry+https://github.com/rust-lang/crates.io-index"
checksum = "2eca4ecc81b7f313189bf73ce724400a07da2a6dac19588b03c8bd76a2dcc251"
dependencies = [
 "block-buffer 0.9.0",
 "digest 0.9.0",
 "opaque-debug 0.3.0",
]

[[package]]
name = "rjson"
version = "0.3.2"
source = "git+https://github.com/aurora-is-near/rjson?rev=cc3da949#cc3da9495e7e520900d66d2b517539f74fff93cf"

[[package]]
name = "rlp"
version = "0.5.1"
source = "registry+https://github.com/rust-lang/crates.io-index"
checksum = "999508abb0ae792aabed2460c45b89106d97fe4adac593bdaef433c2605847b5"
dependencies = [
 "bytes",
 "rustc-hex",
]

[[package]]
name = "rlp-derive"
version = "0.1.0"
source = "registry+https://github.com/rust-lang/crates.io-index"
checksum = "e33d7b2abe0c340d8797fe2907d3f20d3b5ea5908683618bfe80df7f621f672a"
dependencies = [
 "proc-macro2",
 "quote",
 "syn",
]

[[package]]
name = "rustc-hex"
version = "2.1.0"
source = "registry+https://github.com/rust-lang/crates.io-index"
checksum = "3e75f6a532d0fd9f7f13144f392b6ad56a32696bfcd9c78f797f16bbb6f072d6"

[[package]]
name = "scale-info"
version = "1.0.0"
source = "registry+https://github.com/rust-lang/crates.io-index"
checksum = "5c55b744399c25532d63a0d2789b109df8d46fc93752d46b0782991a931a782f"
dependencies = [
 "cfg-if 1.0.0",
 "derive_more",
 "parity-scale-codec",
 "scale-info-derive",
]

[[package]]
name = "scale-info-derive"
version = "1.0.0"
source = "registry+https://github.com/rust-lang/crates.io-index"
checksum = "baeb2780690380592f86205aa4ee49815feb2acad8c2f59e6dd207148c3f1fcd"
dependencies = [
 "proc-macro-crate 1.1.3",
 "proc-macro2",
 "quote",
 "syn",
]

[[package]]
name = "self-contained-5bEgfRQ"
version = "1.0.0"
dependencies = [
 "aurora-engine",
 "aurora-engine-sdk",
 "aurora-engine-types",
 "borsh",
]

[[package]]
name = "serde"
version = "1.0.137"
source = "registry+https://github.com/rust-lang/crates.io-index"
checksum = "61ea8d54c77f8315140a05f4c7237403bf38b72704d031543aa1d16abbf517d1"

[[package]]
name = "sha2"
version = "0.9.9"
source = "registry+https://github.com/rust-lang/crates.io-index"
checksum = "4d58a1e1bf39749807d89cf2d98ac2dfa0ff1cb3faa38fbb64dd88ac8013d800"
dependencies = [
 "block-buffer 0.9.0",
 "cfg-if 1.0.0",
 "cpufeatures",
 "digest 0.9.0",
 "opaque-debug 0.3.0",
]

[[package]]
name = "sha3"
version = "0.8.2"
source = "registry+https://github.com/rust-lang/crates.io-index"
checksum = "dd26bc0e7a2e3a7c959bc494caf58b72ee0c71d67704e9520f736ca7e4853ecf"
dependencies = [
 "block-buffer 0.7.3",
 "byte-tools",
 "digest 0.8.1",
 "keccak",
 "opaque-debug 0.2.3",
]

[[package]]
name = "sha3"
version = "0.9.1"
source = "registry+https://github.com/rust-lang/crates.io-index"
checksum = "f81199417d4e5de3f04b1e871023acea7389672c4135918f05aa9cbf2f2fa809"
dependencies = [
 "block-buffer 0.9.0",
 "digest 0.9.0",
 "keccak",
 "opaque-debug 0.3.0",
]

[[package]]
name = "static_assertions"
version = "1.1.0"
source = "registry+https://github.com/rust-lang/crates.io-index"
checksum = "a2eb9349b6444b326872e140eb1cf5e7c522154d69e7a0ffb0fb81c06b37543f"

[[package]]
name = "subtle"
version = "2.4.1"
source = "registry+https://github.com/rust-lang/crates.io-index"
checksum = "6bdef32e8150c2a081110b42772ffe7d7c9032b606bc226c8260fd97e0976601"

[[package]]
name = "syn"
version = "1.0.95"
source = "registry+https://github.com/rust-lang/crates.io-index"
checksum = "fbaf6116ab8924f39d52792136fb74fd60a80194cf1b1c6ffa6453eef1c3f942"
dependencies = [
 "proc-macro2",
 "quote",
 "unicode-ident",
]

[[package]]
name = "thiserror"
version = "1.0.31"
source = "registry+https://github.com/rust-lang/crates.io-index"
checksum = "bd829fe32373d27f76265620b5309d0340cb8550f523c1dda251d6298069069a"
dependencies = [
 "thiserror-impl",
]

[[package]]
name = "thiserror-impl"
version = "1.0.31"
source = "registry+https://github.com/rust-lang/crates.io-index"
checksum = "0396bc89e626244658bef819e22d0cc459e795a5ebe878e6ec336d1674a8d79a"
dependencies = [
 "proc-macro2",
 "quote",
 "syn",
]

[[package]]
name = "tiny-keccak"
version = "2.0.2"
source = "registry+https://github.com/rust-lang/crates.io-index"
checksum = "2c9d3793400a45f954c52e73d068316d76b6f4e36977e3fcebb13a2721e80237"
dependencies = [
 "crunchy",
]

[[package]]
name = "toml"
version = "0.5.9"
source = "registry+https://github.com/rust-lang/crates.io-index"
checksum = "8d82e1a7758622a465f8cee077614c73484dac5b836c02ff6a40d5d1010324d7"
dependencies = [
 "serde",
]

[[package]]
name = "triehash"
version = "0.8.4"
source = "registry+https://github.com/rust-lang/crates.io-index"
checksum = "a1631b201eb031b563d2e85ca18ec8092508e262a3196ce9bd10a67ec87b9f5c"
dependencies = [
 "hash-db",
 "rlp",
]

[[package]]
name = "typenum"
version = "1.15.0"
source = "registry+https://github.com/rust-lang/crates.io-index"
checksum = "dcf81ac59edc17cc8697ff311e8f5ef2d99fcbd9817b34cec66f90b6c3dfd987"

[[package]]
name = "uint"
version = "0.9.3"
source = "registry+https://github.com/rust-lang/crates.io-index"
checksum = "12f03af7ccf01dd611cc450a0d10dbc9b745770d096473e2faf0ca6e2d66d1e0"
dependencies = [
 "byteorder",
 "crunchy",
 "hex",
 "static_assertions",
]

[[package]]
name = "unicode-ident"
version = "1.0.0"
source = "registry+https://github.com/rust-lang/crates.io-index"
checksum = "d22af068fba1eb5edcb4aea19d382b2a3deb4c8f9d475c589b6ada9e0fd493ee"

[[package]]
name = "utf8-ranges"
version = "1.0.5"
source = "registry+https://github.com/rust-lang/crates.io-index"
checksum = "7fcfc827f90e53a02eaef5e535ee14266c1d569214c6aa70133a624d8a3164ba"

[[package]]
name = "version_check"
version = "0.9.4"
source = "registry+https://github.com/rust-lang/crates.io-index"
checksum = "49874b5167b65d7193b8aba1567f5c7d93d001cafc34600cee003eda787e483f"

[[package]]
name = "wasi"
version = "0.10.2+wasi-snapshot-preview1"
source = "registry+https://github.com/rust-lang/crates.io-index"
checksum = "fd6fbd9a79829dd1ad0cc20627bf1ed606756a7f77edff7b66b7064f9cb327c6"

[[package]]
name = "wasm-bindgen"
version = "0.2.80"
source = "registry+https://github.com/rust-lang/crates.io-index"
checksum = "27370197c907c55e3f1a9fbe26f44e937fe6451368324e009cba39e139dc08ad"
dependencies = [
 "cfg-if 1.0.0",
 "wasm-bindgen-macro",
]

[[package]]
name = "wasm-bindgen-backend"
version = "0.2.80"
source = "registry+https://github.com/rust-lang/crates.io-index"
checksum = "53e04185bfa3a779273da532f5025e33398409573f348985af9a1cbf3774d3f4"
dependencies = [
 "bumpalo",
 "lazy_static",
 "log",
 "proc-macro2",
 "quote",
 "syn",
 "wasm-bindgen-shared",
]

[[package]]
name = "wasm-bindgen-macro"
version = "0.2.80"
source = "registry+https://github.com/rust-lang/crates.io-index"
checksum = "17cae7ff784d7e83a2fe7611cfe766ecf034111b49deb850a3dc7699c08251f5"
dependencies = [
 "quote",
 "wasm-bindgen-macro-support",
]

[[package]]
name = "wasm-bindgen-macro-support"
version = "0.2.80"
source = "registry+https://github.com/rust-lang/crates.io-index"
checksum = "99ec0dc7a4756fffc231aab1b9f2f578d23cd391390ab27f952ae0c9b3ece20b"
dependencies = [
 "proc-macro2",
 "quote",
 "syn",
 "wasm-bindgen-backend",
 "wasm-bindgen-shared",
]

[[package]]
name = "wasm-bindgen-shared"
version = "0.2.80"
source = "registry+https://github.com/rust-lang/crates.io-index"
checksum = "d554b7f530dee5964d9a9468d95c1f8b8acae4f282807e7d27d4b03099a46744"

[[package]]
name = "wee_alloc"
version = "0.4.5"
source = "registry+https://github.com/rust-lang/crates.io-index"
checksum = "dbb3b5a6b2bb17cb6ad44a2e68a43e8d2722c997da10e928665c72ec6c0a0b8e"
dependencies = [
 "cfg-if 0.1.10",
 "libc",
 "memory_units",
 "winapi",
]

[[package]]
name = "winapi"
version = "0.3.9"
source = "registry+https://github.com/rust-lang/crates.io-index"
checksum = "5c839a674fcd7a98952e593242ea400abe93992746761e38641405d28b00f419"
dependencies = [
 "winapi-i686-pc-windows-gnu",
 "winapi-x86_64-pc-windows-gnu",
]

[[package]]
name = "winapi-i686-pc-windows-gnu"
version = "0.4.0"
source = "registry+https://github.com/rust-lang/crates.io-index"
checksum = "ac3b87c63620426dd9b991e5ce0329eff545bccbbb34f3be09ff6fb6ab51b7b6"

[[package]]
name = "winapi-x86_64-pc-windows-gnu"
version = "0.4.0"
source = "registry+https://github.com/rust-lang/crates.io-index"
checksum = "712e227841d057c1ee1cd2fb22fa7e5a5461ae8e48fa2ca79ec42cfc1931183f"
