{
  "name": "scripts",
  "version": "1.0.0",
  "lockfileVersion": 2,
  "requires": true,
  "packages": {
    "": {
      "dependencies": {
        "@aurora-is-near/engine": "../clients/js",
        "commander": "^7.2.0"
      }
    },
    "../clients/js": {
      "name": "@aurora-is-near/engine",
      "version": "0.0.0",
      "license": "CC0-1.0",
      "dependencies": {
        "@ethersproject/abi": "^5.0.7",
        "@ethersproject/address": "^5.0.11",
        "@ethersproject/bytes": "^5.0.11",
        "bigint-buffer": "^1.1.5",
        "bn.js": "^5.0.0",
        "near-api-js": "^0.39.0"
      },
      "devDependencies": {
        "@types/bn.js": "^5.1.0",
        "typescript": "^4.2.3"
      }
    },
    "node_modules/@aurora-is-near/engine": {
      "resolved": "../clients/js",
      "link": true
    },
    "node_modules/commander": {
      "version": "7.2.0",
      "resolved": "https://registry.npmjs.org/commander/-/commander-7.2.0.tgz",
      "integrity": "sha512-QrWXB+ZQSVPmIWIhtEO9H+gwHaMGYiF5ChvoJ+K9ZGHG/sVsa6yiesAD1GC/x46sET00Xlwo1u49RVVVzvcSkw==",
      "engines": {
        "node": ">= 10"
      }
    }
  },
  "dependencies": {
    "@aurora-is-near/engine": {
      "version": "file:../clients/js",
      "requires": {
        "@ethersproject/abi": "^5.0.7",
        "@ethersproject/address": "^5.0.11",
        "@ethersproject/bytes": "^5.0.11",
        "@types/bn.js": "^5.1.0",
        "bigint-buffer": "^1.1.5",
        "bn.js": "^5.0.0",
        "near-api-js": "^0.39.0",
        "typescript": "^4.2.3"
      }
    },
    "commander": {
      "version": "7.2.0",
      "resolved": "https://registry.npmjs.org/commander/-/commander-7.2.0.tgz",
      "integrity": "sha512-QrWXB+ZQSVPmIWIhtEO9H+gwHaMGYiF5ChvoJ+K9ZGHG/sVsa6yiesAD1GC/x46sET00Xlwo1u49RVVVzvcSkw=="
    }
  }
}
