# THIS IS AN AUTOGENERATED FILE. DO NOT EDIT THIS FILE DIRECTLY.
# yarn lockfile v1


"@openzeppelin/contracts@3.4.2-solc-0.7":
  version "4.8.1"
  resolved "https://registry.yarnpkg.com/@openzeppelin/contracts/-/contracts-4.8.1.tgz#709cfc4bbb3ca9f4460d60101f15dac6b7a2d5e4"
  integrity sha512-xQ6eUZl+RDyb/FiZe1h+U7qr/f4p/SrTSQcTPH2bjur3C5DbuW/zFgCU/b1P/xcIaEqJep+9ju4xDRi3rmChdQ==

"@uniswap/lib@^4.0.1-alpha":
  version "4.0.1-alpha"
  resolved "https://registry.yarnpkg.com/@uniswap/lib/-/lib-4.0.1-alpha.tgz#2881008e55f075344675b3bca93f020b028fbd02"
  integrity sha512-f6UIliwBbRsgVLxIaBANF6w09tYqc6Y/qXdsrbEmXHyFA7ILiKrIwRFXe1yOg8M3cksgVsO9N7yuL2DdCGQKBA==

"@uniswap/v2-core@1.0.1":
  version "1.0.1"
  resolved "https://registry.yarnpkg.com/@uniswap/v2-core/-/v2-core-1.0.1.tgz#af8f508bf183204779938969e2e54043e147d425"
  integrity sha512-MtybtkUPSyysqLY2U210NBDeCHX+ltHt3oADGdjqoThZaFRDKwM6k1Nb3F0A3hk5hwuQvytFWhrWHOEq6nVJ8Q==

"@uniswap/v3-core@1.0.0":
  version "1.0.0"
  resolved "https://registry.yarnpkg.com/@uniswap/v3-core/-/v3-core-1.0.0.tgz#6c24adacc4c25dceee0ba3ca142b35adbd7e359d"
  integrity sha512-kSC4djMGKMHj7sLMYVnn61k9nu+lHjMIxgg9CDQT+s2QYLoA56GbSK9Oxr+qJXzzygbkrmuY6cwgP6cW2JXPFA==

"@uniswap/v3-core@^1.0.0":
  version "1.0.1"
  resolved "https://registry.yarnpkg.com/@uniswap/v3-core/-/v3-core-1.0.1.tgz#b6d2bdc6ba3c3fbd610bdc502395d86cd35264a0"
  integrity sha512-7pVk4hEm00j9tc71Y9+ssYpO6ytkeI0y7WE9P6UcmNzhxPePwyAxImuhVsTqWK9YFvzgtvzJHi64pBl4jUzKMQ==

"@uniswap/v3-periphery@^1.0.0":
  version "1.4.3"
  resolved "https://registry.yarnpkg.com/@uniswap/v3-periphery/-/v3-periphery-1.4.3.tgz#a6da4632dbd46b139cc13a410e4ec09ad22bd19f"
  integrity sha512-80c+wtVzl5JJT8UQskxVYYG3oZb4pkhY0zDe0ab/RX4+8f9+W5d8wI4BT0wLB0wFQTSnbW+QdBSpkHA/vRyGBA==
  dependencies:
    "@openzeppelin/contracts" "3.4.2-solc-0.7"
    "@uniswap/lib" "^4.0.1-alpha"
    "@uniswap/v2-core" "1.0.1"
    "@uniswap/v3-core" "1.0.0"
    base64-sol "1.0.1"

base64-sol@1.0.1:
  version "1.0.1"
  resolved "https://registry.yarnpkg.com/base64-sol/-/base64-sol-1.0.1.tgz#91317aa341f0bc763811783c5729f1c2574600f6"
  integrity sha512-ld3cCNMeXt4uJXmLZBHFGMvVpK9KsLVEhPpFRXnvSVAqABKbuNZg/+dsq3NuM+wxFLb/UrVkz7m1ciWmkMfTbg==
